// !$*UTF8*$!
{
	archiveVersion = 1;
	classes = {
	};
	objectVersion = 46;
	objects = {

/* Begin PBXAggregateTarget section */
		"SwiftKit::SwiftKitPackageTests::ProductTarget" /* SwiftKitPackageTests */ = {
			isa = PBXAggregateTarget;
			buildConfigurationList = OBJ_256 /* Build configuration list for PBXAggregateTarget "SwiftKitPackageTests" */;
			buildPhases = (
			);
			dependencies = (
				OBJ_259 /* PBXTargetDependency */,
			);
			name = SwiftKitPackageTests;
			productName = SwiftKitPackageTests;
		};
		"SwiftKit::swiftkit::ProductTarget" /* swiftkit */ = {
			isa = PBXAggregateTarget;
			buildConfigurationList = OBJ_278 /* Build configuration list for PBXAggregateTarget "swiftkit" */;
			buildPhases = (
			);
			dependencies = (
				OBJ_281 /* PBXTargetDependency */,
			);
			name = swiftkit;
			productName = swiftkit;
		};
/* End PBXAggregateTarget section */

/* Begin PBXBuildFile section */
		OBJ_124 /* ANSIEscapeCode.swift in Sources */ = {isa = PBXBuildFile; fileRef = OBJ_73 /* ANSIEscapeCode.swift */; };
		OBJ_125 /* BackgroundColor.swift in Sources */ = {isa = PBXBuildFile; fileRef = OBJ_74 /* BackgroundColor.swift */; };
		OBJ_126 /* Cursor.swift in Sources */ = {isa = PBXBuildFile; fileRef = OBJ_75 /* Cursor.swift */; };
		OBJ_127 /* Erase.swift in Sources */ = {isa = PBXBuildFile; fileRef = OBJ_76 /* Erase.swift */; };
		OBJ_128 /* EraseInDisplayType.swift in Sources */ = {isa = PBXBuildFile; fileRef = OBJ_77 /* EraseInDisplayType.swift */; };
		OBJ_129 /* EraseInLineType.swift in Sources */ = {isa = PBXBuildFile; fileRef = OBJ_78 /* EraseInLineType.swift */; };
		OBJ_130 /* PrintANSIEscapeCode.swift in Sources */ = {isa = PBXBuildFile; fileRef = OBJ_79 /* PrintANSIEscapeCode.swift */; };
		OBJ_131 /* Scroll.swift in Sources */ = {isa = PBXBuildFile; fileRef = OBJ_80 /* Scroll.swift */; };
		OBJ_132 /* String+ANSIEscapeCode.swift in Sources */ = {isa = PBXBuildFile; fileRef = OBJ_81 /* String+ANSIEscapeCode.swift */; };
		OBJ_133 /* TextColor.swift in Sources */ = {isa = PBXBuildFile; fileRef = OBJ_82 /* TextColor.swift */; };
		OBJ_140 /* Package.swift in Sources */ = {isa = PBXBuildFile; fileRef = OBJ_84 /* Package.swift */; };
		OBJ_146 /* Animation.swift in Sources */ = {isa = PBXBuildFile; fileRef = OBJ_64 /* Animation.swift */; };
		OBJ_147 /* Animator.swift in Sources */ = {isa = PBXBuildFile; fileRef = OBJ_65 /* Animator.swift */; };
		OBJ_148 /* Pattern.swift in Sources */ = {isa = PBXBuildFile; fileRef = OBJ_66 /* Pattern.swift */; };
		OBJ_149 /* Patterns.swift in Sources */ = {isa = PBXBuildFile; fileRef = OBJ_67 /* Patterns.swift */; };
		OBJ_150 /* Spinner.swift in Sources */ = {isa = PBXBuildFile; fileRef = OBJ_68 /* Spinner.swift */; };
		OBJ_152 /* ANSIEscapeCode.framework in Frameworks */ = {isa = PBXBuildFile; fileRef = "ANSIEscapeCode::ANSIEscapeCode::Product" /* ANSIEscapeCode.framework */; };
		OBJ_159 /* Package.swift in Sources */ = {isa = PBXBuildFile; fileRef = OBJ_70 /* Package.swift */; };
		OBJ_165 /* ArgumentList.swift in Sources */ = {isa = PBXBuildFile; fileRef = OBJ_87 /* ArgumentList.swift */; };
		OBJ_166 /* ArgumentListManipulator.swift in Sources */ = {isa = PBXBuildFile; fileRef = OBJ_88 /* ArgumentListManipulator.swift */; };
		OBJ_167 /* CLI.swift in Sources */ = {isa = PBXBuildFile; fileRef = OBJ_89 /* CLI.swift */; };
		OBJ_168 /* Command.swift in Sources */ = {isa = PBXBuildFile; fileRef = OBJ_90 /* Command.swift */; };
		OBJ_169 /* Compatibility.swift in Sources */ = {isa = PBXBuildFile; fileRef = OBJ_91 /* Compatibility.swift */; };
		OBJ_170 /* CompletionGenerator.swift in Sources */ = {isa = PBXBuildFile; fileRef = OBJ_92 /* CompletionGenerator.swift */; };
		OBJ_171 /* Error.swift in Sources */ = {isa = PBXBuildFile; fileRef = OBJ_93 /* Error.swift */; };
		OBJ_172 /* HelpCommand.swift in Sources */ = {isa = PBXBuildFile; fileRef = OBJ_94 /* HelpCommand.swift */; };
		OBJ_173 /* HelpMessageGenerator.swift in Sources */ = {isa = PBXBuildFile; fileRef = OBJ_95 /* HelpMessageGenerator.swift */; };
		OBJ_174 /* Input.swift in Sources */ = {isa = PBXBuildFile; fileRef = OBJ_96 /* Input.swift */; };
		OBJ_175 /* Option.swift in Sources */ = {isa = PBXBuildFile; fileRef = OBJ_97 /* Option.swift */; };
		OBJ_176 /* OptionGroup.swift in Sources */ = {isa = PBXBuildFile; fileRef = OBJ_98 /* OptionGroup.swift */; };
		OBJ_177 /* OptionRegistry.swift in Sources */ = {isa = PBXBuildFile; fileRef = OBJ_99 /* OptionRegistry.swift */; };
		OBJ_178 /* Parameter.swift in Sources */ = {isa = PBXBuildFile; fileRef = OBJ_100 /* Parameter.swift */; };
		OBJ_179 /* Parser.swift in Sources */ = {isa = PBXBuildFile; fileRef = OBJ_101 /* Parser.swift */; };
		OBJ_180 /* Path.swift in Sources */ = {isa = PBXBuildFile; fileRef = OBJ_102 /* Path.swift */; };
		OBJ_181 /* Stream.swift in Sources */ = {isa = PBXBuildFile; fileRef = OBJ_103 /* Stream.swift */; };
		OBJ_182 /* Task.swift in Sources */ = {isa = PBXBuildFile; fileRef = OBJ_104 /* Task.swift */; };
		OBJ_183 /* Term.swift in Sources */ = {isa = PBXBuildFile; fileRef = OBJ_105 /* Term.swift */; };
		OBJ_184 /* Validation.swift in Sources */ = {isa = PBXBuildFile; fileRef = OBJ_106 /* Validation.swift */; };
		OBJ_185 /* VersionCommand.swift in Sources */ = {isa = PBXBuildFile; fileRef = OBJ_107 /* VersionCommand.swift */; };
		OBJ_192 /* Package.swift in Sources */ = {isa = PBXBuildFile; fileRef = OBJ_108 /* Package.swift */; };
		OBJ_198 /* DateFormatter+Init.swift in Sources */ = {isa = PBXBuildFile; fileRef = OBJ_10 /* DateFormatter+Init.swift */; };
		OBJ_199 /* String+DropSuffix.swift in Sources */ = {isa = PBXBuildFile; fileRef = OBJ_11 /* String+DropSuffix.swift */; };
		OBJ_200 /* CIService.swift in Sources */ = {isa = PBXBuildFile; fileRef = OBJ_13 /* CIService.swift */; };
		OBJ_201 /* Kit+Author.swift in Sources */ = {isa = PBXBuildFile; fileRef = OBJ_14 /* Kit+Author.swift */; };
		OBJ_202 /* Kit+Directory.swift in Sources */ = {isa = PBXBuildFile; fileRef = OBJ_15 /* Kit+Directory.swift */; };
		OBJ_203 /* Kit+Organization.swift in Sources */ = {isa = PBXBuildFile; fileRef = OBJ_16 /* Kit+Organization.swift */; };
		OBJ_204 /* Kit.swift in Sources */ = {isa = PBXBuildFile; fileRef = OBJ_17 /* Kit.swift */; };
		OBJ_205 /* GitService.swift in Sources */ = {isa = PBXBuildFile; fileRef = OBJ_20 /* GitService.swift */; };
		OBJ_206 /* SwiftCLIGitService.swift in Sources */ = {isa = PBXBuildFile; fileRef = OBJ_21 /* SwiftCLIGitService.swift */; };
		OBJ_207 /* DefaultKitMigrationService.swift in Sources */ = {isa = PBXBuildFile; fileRef = OBJ_24 /* DefaultKitMigrationService.swift */; };
		OBJ_208 /* DisabledKitMigrationService.swift in Sources */ = {isa = PBXBuildFile; fileRef = OBJ_25 /* DisabledKitMigrationService.swift */; };
		OBJ_209 /* KitMigrationService.swift in Sources */ = {isa = PBXBuildFile; fileRef = OBJ_26 /* KitMigrationService.swift */; };
		OBJ_210 /* DefaultKitSetupService.swift in Sources */ = {isa = PBXBuildFile; fileRef = OBJ_28 /* DefaultKitSetupService.swift */; };
		OBJ_211 /* DisabledKitSetupService.swift in Sources */ = {isa = PBXBuildFile; fileRef = OBJ_29 /* DisabledKitSetupService.swift */; };
		OBJ_212 /* KitSetupService.swift in Sources */ = {isa = PBXBuildFile; fileRef = OBJ_30 /* KitSetupService.swift */; };
		OBJ_213 /* DefaultKitService.swift in Sources */ = {isa = PBXBuildFile; fileRef = OBJ_32 /* DefaultKitService.swift */; };
		OBJ_214 /* KitService.swift in Sources */ = {isa = PBXBuildFile; fileRef = OBJ_33 /* KitService.swift */; };
		OBJ_215 /* SwiftKit+Environment.swift in Sources */ = {isa = PBXBuildFile; fileRef = OBJ_34 /* SwiftKit+Environment.swift */; };
		OBJ_216 /* SwiftKit.swift in Sources */ = {isa = PBXBuildFile; fileRef = OBJ_35 /* SwiftKit.swift */; };
		OBJ_218 /* SwiftCLI.framework in Frameworks */ = {isa = PBXBuildFile; fileRef = "SwiftCLI::SwiftCLI::Product" /* SwiftCLI.framework */; };
		OBJ_225 /* NewCommand+Argument.swift in Sources */ = {isa = PBXBuildFile; fileRef = OBJ_40 /* NewCommand+Argument.swift */; };
		OBJ_226 /* NewCommand.swift in Sources */ = {isa = PBXBuildFile; fileRef = OBJ_41 /* NewCommand.swift */; };
		OBJ_227 /* AuthorEmailQuestion.swift in Sources */ = {isa = PBXBuildFile; fileRef = OBJ_43 /* AuthorEmailQuestion.swift */; };
		OBJ_228 /* AuthorNameQuestion.swift in Sources */ = {isa = PBXBuildFile; fileRef = OBJ_44 /* AuthorNameQuestion.swift */; };
		OBJ_229 /* CIServiceQuestion.swift in Sources */ = {isa = PBXBuildFile; fileRef = OBJ_45 /* CIServiceQuestion.swift */; };
		OBJ_230 /* KitNameQuestion.swift in Sources */ = {isa = PBXBuildFile; fileRef = OBJ_46 /* KitNameQuestion.swift */; };
		OBJ_231 /* OrganizationIdentifierQuestion.swift in Sources */ = {isa = PBXBuildFile; fileRef = OBJ_47 /* OrganizationIdentifierQuestion.swift */; };
		OBJ_232 /* OrganizationNameQuestion.swift in Sources */ = {isa = PBXBuildFile; fileRef = OBJ_48 /* OrganizationNameQuestion.swift */; };
		OBJ_233 /* Question.swift in Sources */ = {isa = PBXBuildFile; fileRef = OBJ_49 /* Question.swift */; };
		OBJ_234 /* RepositoryURLQuestion.swift in Sources */ = {isa = PBXBuildFile; fileRef = OBJ_50 /* RepositoryURLQuestion.swift */; };
		OBJ_235 /* Flag+Present.swift in Sources */ = {isa = PBXBuildFile; fileRef = OBJ_52 /* Flag+Present.swift */; };
		OBJ_236 /* String+AsciiArt.swift in Sources */ = {isa = PBXBuildFile; fileRef = OBJ_53 /* String+AsciiArt.swift */; };
		OBJ_237 /* String+NonEmpty.swift in Sources */ = {isa = PBXBuildFile; fileRef = OBJ_54 /* String+NonEmpty.swift */; };
		OBJ_238 /* SwiftKitCLI.swift in Sources */ = {isa = PBXBuildFile; fileRef = OBJ_55 /* SwiftKitCLI.swift */; };
		OBJ_239 /* main.swift in Sources */ = {isa = PBXBuildFile; fileRef = OBJ_56 /* main.swift */; };
		OBJ_241 /* Motor.framework in Frameworks */ = {isa = PBXBuildFile; fileRef = "Motor::Motor::Product" /* Motor.framework */; };
		OBJ_242 /* ANSIEscapeCode.framework in Frameworks */ = {isa = PBXBuildFile; fileRef = "ANSIEscapeCode::ANSIEscapeCode::Product" /* ANSIEscapeCode.framework */; };
		OBJ_243 /* SwiftKit.framework in Frameworks */ = {isa = PBXBuildFile; fileRef = "SwiftKit::SwiftKit::Product" /* SwiftKit.framework */; };
		OBJ_244 /* SwiftCLI.framework in Frameworks */ = {isa = PBXBuildFile; fileRef = "SwiftCLI::SwiftCLI::Product" /* SwiftCLI.framework */; };
		OBJ_254 /* Package.swift in Sources */ = {isa = PBXBuildFile; fileRef = OBJ_6 /* Package.swift */; };
		OBJ_265 /* SwiftKitTests.swift in Sources */ = {isa = PBXBuildFile; fileRef = OBJ_59 /* SwiftKitTests.swift */; };
		OBJ_266 /* XCTestManifests.swift in Sources */ = {isa = PBXBuildFile; fileRef = OBJ_60 /* XCTestManifests.swift */; };
		OBJ_268 /* Motor.framework in Frameworks */ = {isa = PBXBuildFile; fileRef = "Motor::Motor::Product" /* Motor.framework */; };
		OBJ_269 /* ANSIEscapeCode.framework in Frameworks */ = {isa = PBXBuildFile; fileRef = "ANSIEscapeCode::ANSIEscapeCode::Product" /* ANSIEscapeCode.framework */; };
		OBJ_270 /* SwiftKit.framework in Frameworks */ = {isa = PBXBuildFile; fileRef = "SwiftKit::SwiftKit::Product" /* SwiftKit.framework */; };
		OBJ_271 /* SwiftCLI.framework in Frameworks */ = {isa = PBXBuildFile; fileRef = "SwiftCLI::SwiftCLI::Product" /* SwiftCLI.framework */; };
/* End PBXBuildFile section */

/* Begin PBXContainerItemProxy section */
		3D81AD832279D00200E1C6CB /* PBXContainerItemProxy */ = {
			isa = PBXContainerItemProxy;
			containerPortal = OBJ_1 /* Project object */;
			proxyType = 1;
			remoteGlobalIDString = "Motor::Motor";
			remoteInfo = Motor;
		};
		3D81AD842279D00200E1C6CB /* PBXContainerItemProxy */ = {
			isa = PBXContainerItemProxy;
			containerPortal = OBJ_1 /* Project object */;
			proxyType = 1;
			remoteGlobalIDString = "ANSIEscapeCode::ANSIEscapeCode";
			remoteInfo = ANSIEscapeCode;
		};
		3D81AD852279D00200E1C6CB /* PBXContainerItemProxy */ = {
			isa = PBXContainerItemProxy;
			containerPortal = OBJ_1 /* Project object */;
			proxyType = 1;
			remoteGlobalIDString = "ANSIEscapeCode::ANSIEscapeCode";
			remoteInfo = ANSIEscapeCode;
		};
		3D81AD862279D00200E1C6CB /* PBXContainerItemProxy */ = {
			isa = PBXContainerItemProxy;
			containerPortal = OBJ_1 /* Project object */;
			proxyType = 1;
			remoteGlobalIDString = "SwiftKit::SwiftKit";
			remoteInfo = SwiftKit;
		};
		3D81AD872279D00200E1C6CB /* PBXContainerItemProxy */ = {
			isa = PBXContainerItemProxy;
			containerPortal = OBJ_1 /* Project object */;
			proxyType = 1;
			remoteGlobalIDString = "SwiftCLI::SwiftCLI";
			remoteInfo = SwiftCLI;
		};
		3D81AD882279D00200E1C6CB /* PBXContainerItemProxy */ = {
			isa = PBXContainerItemProxy;
			containerPortal = OBJ_1 /* Project object */;
			proxyType = 1;
			remoteGlobalIDString = "SwiftCLI::SwiftCLI";
			remoteInfo = SwiftCLI;
		};
		3D81AD892279D00200E1C6CB /* PBXContainerItemProxy */ = {
			isa = PBXContainerItemProxy;
			containerPortal = OBJ_1 /* Project object */;
			proxyType = 1;
			remoteGlobalIDString = "SwiftKit::SwiftKitCLI";
			remoteInfo = SwiftKitCLI;
		};
		3D81AD8A2279D00200E1C6CB /* PBXContainerItemProxy */ = {
			isa = PBXContainerItemProxy;
			containerPortal = OBJ_1 /* Project object */;
			proxyType = 1;
			remoteGlobalIDString = "Motor::Motor";
			remoteInfo = Motor;
		};
		3D81AD8B2279D00200E1C6CB /* PBXContainerItemProxy */ = {
			isa = PBXContainerItemProxy;
			containerPortal = OBJ_1 /* Project object */;
			proxyType = 1;
			remoteGlobalIDString = "ANSIEscapeCode::ANSIEscapeCode";
			remoteInfo = ANSIEscapeCode;
		};
		3D81AD8C2279D00200E1C6CB /* PBXContainerItemProxy */ = {
			isa = PBXContainerItemProxy;
			containerPortal = OBJ_1 /* Project object */;
			proxyType = 1;
			remoteGlobalIDString = "SwiftKit::SwiftKit";
			remoteInfo = SwiftKit;
		};
		3D81AD8D2279D00200E1C6CB /* PBXContainerItemProxy */ = {
			isa = PBXContainerItemProxy;
			containerPortal = OBJ_1 /* Project object */;
			proxyType = 1;
			remoteGlobalIDString = "SwiftCLI::SwiftCLI";
			remoteInfo = SwiftCLI;
		};
		3D81AD8E2279D00500E1C6CB /* PBXContainerItemProxy */ = {
			isa = PBXContainerItemProxy;
			containerPortal = OBJ_1 /* Project object */;
			proxyType = 1;
			remoteGlobalIDString = "SwiftKit::SwiftKitTests";
			remoteInfo = SwiftKitTests;
		};
		3D81AD8F2279D00500E1C6CB /* PBXContainerItemProxy */ = {
			isa = PBXContainerItemProxy;
			containerPortal = OBJ_1 /* Project object */;
			proxyType = 1;
			remoteGlobalIDString = "SwiftKit::SwiftKitCLI";
			remoteInfo = SwiftKitCLI;
		};
/* End PBXContainerItemProxy section */

/* Begin PBXFileReference section */
		"ANSIEscapeCode::ANSIEscapeCode::Product" /* ANSIEscapeCode.framework */ = {isa = PBXFileReference; lastKnownFileType = wrapper.framework; path = ANSIEscapeCode.framework; sourceTree = BUILT_PRODUCTS_DIR; };
		"Motor::Motor::Product" /* Motor.framework */ = {isa = PBXFileReference; lastKnownFileType = wrapper.framework; path = Motor.framework; sourceTree = BUILT_PRODUCTS_DIR; };
		OBJ_10 /* DateFormatter+Init.swift */ = {isa = PBXFileReference; lastKnownFileType = sourcecode.swift; path = "DateFormatter+Init.swift"; sourceTree = "<group>"; };
		OBJ_100 /* Parameter.swift */ = {isa = PBXFileReference; lastKnownFileType = sourcecode.swift; path = Parameter.swift; sourceTree = "<group>"; };
		OBJ_101 /* Parser.swift */ = {isa = PBXFileReference; lastKnownFileType = sourcecode.swift; path = Parser.swift; sourceTree = "<group>"; };
		OBJ_102 /* Path.swift */ = {isa = PBXFileReference; lastKnownFileType = sourcecode.swift; path = Path.swift; sourceTree = "<group>"; };
		OBJ_103 /* Stream.swift */ = {isa = PBXFileReference; lastKnownFileType = sourcecode.swift; path = Stream.swift; sourceTree = "<group>"; };
		OBJ_104 /* Task.swift */ = {isa = PBXFileReference; lastKnownFileType = sourcecode.swift; path = Task.swift; sourceTree = "<group>"; };
		OBJ_105 /* Term.swift */ = {isa = PBXFileReference; lastKnownFileType = sourcecode.swift; path = Term.swift; sourceTree = "<group>"; };
		OBJ_106 /* Validation.swift */ = {isa = PBXFileReference; lastKnownFileType = sourcecode.swift; path = Validation.swift; sourceTree = "<group>"; };
		OBJ_107 /* VersionCommand.swift */ = {isa = PBXFileReference; lastKnownFileType = sourcecode.swift; path = VersionCommand.swift; sourceTree = "<group>"; };
		OBJ_108 /* Package.swift */ = {isa = PBXFileReference; explicitFileType = sourcecode.swift; name = Package.swift; path = /Users/sventiigi/Development/iOS/SwiftKit/.build/checkouts/SwiftCLI/Package.swift; sourceTree = "<group>"; };
		OBJ_11 /* String+DropSuffix.swift */ = {isa = PBXFileReference; lastKnownFileType = sourcecode.swift; path = "String+DropSuffix.swift"; sourceTree = "<group>"; };
		OBJ_116 /* Template */ = {isa = PBXFileReference; lastKnownFileType = folder; path = Template; sourceTree = SOURCE_ROOT; };
		OBJ_117 /* LICENSE */ = {isa = PBXFileReference; lastKnownFileType = text; path = LICENSE; sourceTree = "<group>"; };
		OBJ_118 /* README.md */ = {isa = PBXFileReference; lastKnownFileType = net.daringfireball.markdown; path = README.md; sourceTree = "<group>"; };
		OBJ_13 /* CIService.swift */ = {isa = PBXFileReference; lastKnownFileType = sourcecode.swift; path = CIService.swift; sourceTree = "<group>"; };
		OBJ_14 /* Kit+Author.swift */ = {isa = PBXFileReference; lastKnownFileType = sourcecode.swift; path = "Kit+Author.swift"; sourceTree = "<group>"; };
		OBJ_15 /* Kit+Directory.swift */ = {isa = PBXFileReference; lastKnownFileType = sourcecode.swift; path = "Kit+Directory.swift"; sourceTree = "<group>"; };
		OBJ_16 /* Kit+Organization.swift */ = {isa = PBXFileReference; lastKnownFileType = sourcecode.swift; path = "Kit+Organization.swift"; sourceTree = "<group>"; };
		OBJ_17 /* Kit.swift */ = {isa = PBXFileReference; lastKnownFileType = sourcecode.swift; path = Kit.swift; sourceTree = "<group>"; };
		OBJ_20 /* GitService.swift */ = {isa = PBXFileReference; lastKnownFileType = sourcecode.swift; path = GitService.swift; sourceTree = "<group>"; };
		OBJ_21 /* SwiftCLIGitService.swift */ = {isa = PBXFileReference; lastKnownFileType = sourcecode.swift; path = SwiftCLIGitService.swift; sourceTree = "<group>"; };
		OBJ_24 /* DefaultKitMigrationService.swift */ = {isa = PBXFileReference; lastKnownFileType = sourcecode.swift; path = DefaultKitMigrationService.swift; sourceTree = "<group>"; };
		OBJ_25 /* DisabledKitMigrationService.swift */ = {isa = PBXFileReference; lastKnownFileType = sourcecode.swift; path = DisabledKitMigrationService.swift; sourceTree = "<group>"; };
		OBJ_26 /* KitMigrationService.swift */ = {isa = PBXFileReference; lastKnownFileType = sourcecode.swift; path = KitMigrationService.swift; sourceTree = "<group>"; };
		OBJ_28 /* DefaultKitSetupService.swift */ = {isa = PBXFileReference; lastKnownFileType = sourcecode.swift; path = DefaultKitSetupService.swift; sourceTree = "<group>"; };
		OBJ_29 /* DisabledKitSetupService.swift */ = {isa = PBXFileReference; lastKnownFileType = sourcecode.swift; path = DisabledKitSetupService.swift; sourceTree = "<group>"; };
		OBJ_30 /* KitSetupService.swift */ = {isa = PBXFileReference; lastKnownFileType = sourcecode.swift; path = KitSetupService.swift; sourceTree = "<group>"; };
		OBJ_32 /* DefaultKitService.swift */ = {isa = PBXFileReference; lastKnownFileType = sourcecode.swift; path = DefaultKitService.swift; sourceTree = "<group>"; };
		OBJ_33 /* KitService.swift */ = {isa = PBXFileReference; lastKnownFileType = sourcecode.swift; path = KitService.swift; sourceTree = "<group>"; };
		OBJ_34 /* SwiftKit+Environment.swift */ = {isa = PBXFileReference; lastKnownFileType = sourcecode.swift; path = "SwiftKit+Environment.swift"; sourceTree = "<group>"; };
		OBJ_35 /* SwiftKit.swift */ = {isa = PBXFileReference; lastKnownFileType = sourcecode.swift; path = SwiftKit.swift; sourceTree = "<group>"; };
		OBJ_40 /* NewCommand+Argument.swift */ = {isa = PBXFileReference; lastKnownFileType = sourcecode.swift; path = "NewCommand+Argument.swift"; sourceTree = "<group>"; };
		OBJ_41 /* NewCommand.swift */ = {isa = PBXFileReference; lastKnownFileType = sourcecode.swift; path = NewCommand.swift; sourceTree = "<group>"; };
		OBJ_43 /* AuthorEmailQuestion.swift */ = {isa = PBXFileReference; lastKnownFileType = sourcecode.swift; path = AuthorEmailQuestion.swift; sourceTree = "<group>"; };
		OBJ_44 /* AuthorNameQuestion.swift */ = {isa = PBXFileReference; lastKnownFileType = sourcecode.swift; path = AuthorNameQuestion.swift; sourceTree = "<group>"; };
		OBJ_45 /* CIServiceQuestion.swift */ = {isa = PBXFileReference; lastKnownFileType = sourcecode.swift; path = CIServiceQuestion.swift; sourceTree = "<group>"; };
		OBJ_46 /* KitNameQuestion.swift */ = {isa = PBXFileReference; lastKnownFileType = sourcecode.swift; path = KitNameQuestion.swift; sourceTree = "<group>"; };
		OBJ_47 /* OrganizationIdentifierQuestion.swift */ = {isa = PBXFileReference; lastKnownFileType = sourcecode.swift; path = OrganizationIdentifierQuestion.swift; sourceTree = "<group>"; };
		OBJ_48 /* OrganizationNameQuestion.swift */ = {isa = PBXFileReference; lastKnownFileType = sourcecode.swift; path = OrganizationNameQuestion.swift; sourceTree = "<group>"; };
		OBJ_49 /* Question.swift */ = {isa = PBXFileReference; lastKnownFileType = sourcecode.swift; path = Question.swift; sourceTree = "<group>"; };
		OBJ_50 /* RepositoryURLQuestion.swift */ = {isa = PBXFileReference; lastKnownFileType = sourcecode.swift; path = RepositoryURLQuestion.swift; sourceTree = "<group>"; };
		OBJ_52 /* Flag+Present.swift */ = {isa = PBXFileReference; lastKnownFileType = sourcecode.swift; path = "Flag+Present.swift"; sourceTree = "<group>"; };
		OBJ_53 /* String+AsciiArt.swift */ = {isa = PBXFileReference; lastKnownFileType = sourcecode.swift; path = "String+AsciiArt.swift"; sourceTree = "<group>"; };
		OBJ_54 /* String+NonEmpty.swift */ = {isa = PBXFileReference; lastKnownFileType = sourcecode.swift; path = "String+NonEmpty.swift"; sourceTree = "<group>"; };
		OBJ_55 /* SwiftKitCLI.swift */ = {isa = PBXFileReference; lastKnownFileType = sourcecode.swift; path = SwiftKitCLI.swift; sourceTree = "<group>"; };
		OBJ_56 /* main.swift */ = {isa = PBXFileReference; lastKnownFileType = sourcecode.swift; path = main.swift; sourceTree = "<group>"; };
		OBJ_59 /* SwiftKitTests.swift */ = {isa = PBXFileReference; lastKnownFileType = sourcecode.swift; path = SwiftKitTests.swift; sourceTree = "<group>"; };
		OBJ_6 /* Package.swift */ = {isa = PBXFileReference; explicitFileType = sourcecode.swift; path = Package.swift; sourceTree = "<group>"; };
		OBJ_60 /* XCTestManifests.swift */ = {isa = PBXFileReference; lastKnownFileType = sourcecode.swift; path = XCTestManifests.swift; sourceTree = "<group>"; };
		OBJ_64 /* Animation.swift */ = {isa = PBXFileReference; lastKnownFileType = sourcecode.swift; path = Animation.swift; sourceTree = "<group>"; };
		OBJ_65 /* Animator.swift */ = {isa = PBXFileReference; lastKnownFileType = sourcecode.swift; path = Animator.swift; sourceTree = "<group>"; };
		OBJ_66 /* Pattern.swift */ = {isa = PBXFileReference; lastKnownFileType = sourcecode.swift; path = Pattern.swift; sourceTree = "<group>"; };
		OBJ_67 /* Patterns.swift */ = {isa = PBXFileReference; lastKnownFileType = sourcecode.swift; path = Patterns.swift; sourceTree = "<group>"; };
		OBJ_68 /* Spinner.swift */ = {isa = PBXFileReference; lastKnownFileType = sourcecode.swift; path = Spinner.swift; sourceTree = "<group>"; };
		OBJ_70 /* Package.swift */ = {isa = PBXFileReference; explicitFileType = sourcecode.swift; name = Package.swift; path = /Users/sventiigi/Development/iOS/SwiftKit/.build/checkouts/Motor/Package.swift; sourceTree = "<group>"; };
		OBJ_73 /* ANSIEscapeCode.swift */ = {isa = PBXFileReference; lastKnownFileType = sourcecode.swift; path = ANSIEscapeCode.swift; sourceTree = "<group>"; };
		OBJ_74 /* BackgroundColor.swift */ = {isa = PBXFileReference; lastKnownFileType = sourcecode.swift; path = BackgroundColor.swift; sourceTree = "<group>"; };
		OBJ_75 /* Cursor.swift */ = {isa = PBXFileReference; lastKnownFileType = sourcecode.swift; path = Cursor.swift; sourceTree = "<group>"; };
		OBJ_76 /* Erase.swift */ = {isa = PBXFileReference; lastKnownFileType = sourcecode.swift; path = Erase.swift; sourceTree = "<group>"; };
		OBJ_77 /* EraseInDisplayType.swift */ = {isa = PBXFileReference; lastKnownFileType = sourcecode.swift; path = EraseInDisplayType.swift; sourceTree = "<group>"; };
		OBJ_78 /* EraseInLineType.swift */ = {isa = PBXFileReference; lastKnownFileType = sourcecode.swift; path = EraseInLineType.swift; sourceTree = "<group>"; };
		OBJ_79 /* PrintANSIEscapeCode.swift */ = {isa = PBXFileReference; lastKnownFileType = sourcecode.swift; path = PrintANSIEscapeCode.swift; sourceTree = "<group>"; };
		OBJ_80 /* Scroll.swift */ = {isa = PBXFileReference; lastKnownFileType = sourcecode.swift; path = Scroll.swift; sourceTree = "<group>"; };
		OBJ_81 /* String+ANSIEscapeCode.swift */ = {isa = PBXFileReference; lastKnownFileType = sourcecode.swift; path = "String+ANSIEscapeCode.swift"; sourceTree = "<group>"; };
		OBJ_82 /* TextColor.swift */ = {isa = PBXFileReference; lastKnownFileType = sourcecode.swift; path = TextColor.swift; sourceTree = "<group>"; };
		OBJ_84 /* Package.swift */ = {isa = PBXFileReference; explicitFileType = sourcecode.swift; name = Package.swift; path = /Users/sventiigi/Development/iOS/SwiftKit/.build/checkouts/ANSIEscapeCode/Package.swift; sourceTree = "<group>"; };
		OBJ_87 /* ArgumentList.swift */ = {isa = PBXFileReference; lastKnownFileType = sourcecode.swift; path = ArgumentList.swift; sourceTree = "<group>"; };
		OBJ_88 /* ArgumentListManipulator.swift */ = {isa = PBXFileReference; lastKnownFileType = sourcecode.swift; path = ArgumentListManipulator.swift; sourceTree = "<group>"; };
		OBJ_89 /* CLI.swift */ = {isa = PBXFileReference; lastKnownFileType = sourcecode.swift; path = CLI.swift; sourceTree = "<group>"; };
		OBJ_90 /* Command.swift */ = {isa = PBXFileReference; lastKnownFileType = sourcecode.swift; path = Command.swift; sourceTree = "<group>"; };
		OBJ_91 /* Compatibility.swift */ = {isa = PBXFileReference; lastKnownFileType = sourcecode.swift; path = Compatibility.swift; sourceTree = "<group>"; };
		OBJ_92 /* CompletionGenerator.swift */ = {isa = PBXFileReference; lastKnownFileType = sourcecode.swift; path = CompletionGenerator.swift; sourceTree = "<group>"; };
		OBJ_93 /* Error.swift */ = {isa = PBXFileReference; lastKnownFileType = sourcecode.swift; path = Error.swift; sourceTree = "<group>"; };
		OBJ_94 /* HelpCommand.swift */ = {isa = PBXFileReference; lastKnownFileType = sourcecode.swift; path = HelpCommand.swift; sourceTree = "<group>"; };
		OBJ_95 /* HelpMessageGenerator.swift */ = {isa = PBXFileReference; lastKnownFileType = sourcecode.swift; path = HelpMessageGenerator.swift; sourceTree = "<group>"; };
		OBJ_96 /* Input.swift */ = {isa = PBXFileReference; lastKnownFileType = sourcecode.swift; path = Input.swift; sourceTree = "<group>"; };
		OBJ_97 /* Option.swift */ = {isa = PBXFileReference; lastKnownFileType = sourcecode.swift; path = Option.swift; sourceTree = "<group>"; };
		OBJ_98 /* OptionGroup.swift */ = {isa = PBXFileReference; lastKnownFileType = sourcecode.swift; path = OptionGroup.swift; sourceTree = "<group>"; };
		OBJ_99 /* OptionRegistry.swift */ = {isa = PBXFileReference; lastKnownFileType = sourcecode.swift; path = OptionRegistry.swift; sourceTree = "<group>"; };
		"SwiftCLI::SwiftCLI::Product" /* SwiftCLI.framework */ = {isa = PBXFileReference; lastKnownFileType = wrapper.framework; path = SwiftCLI.framework; sourceTree = BUILT_PRODUCTS_DIR; };
		"SwiftKit::SwiftKit::Product" /* SwiftKit.framework */ = {isa = PBXFileReference; lastKnownFileType = wrapper.framework; path = SwiftKit.framework; sourceTree = BUILT_PRODUCTS_DIR; };
		"SwiftKit::SwiftKitCLI::Product" /* SwiftKitCLI */ = {isa = PBXFileReference; lastKnownFileType = text; path = SwiftKitCLI; sourceTree = BUILT_PRODUCTS_DIR; };
		"SwiftKit::SwiftKitTests::Product" /* SwiftKitTests.xctest */ = {isa = PBXFileReference; lastKnownFileType = file; path = SwiftKitTests.xctest; sourceTree = BUILT_PRODUCTS_DIR; };
/* End PBXFileReference section */

/* Begin PBXFrameworksBuildPhase section */
		OBJ_134 /* Frameworks */ = {
			isa = PBXFrameworksBuildPhase;
			buildActionMask = 0;
			files = (
			);
			runOnlyForDeploymentPostprocessing = 0;
		};
		OBJ_151 /* Frameworks */ = {
			isa = PBXFrameworksBuildPhase;
			buildActionMask = 0;
			files = (
				OBJ_152 /* ANSIEscapeCode.framework in Frameworks */,
			);
			runOnlyForDeploymentPostprocessing = 0;
		};
		OBJ_186 /* Frameworks */ = {
			isa = PBXFrameworksBuildPhase;
			buildActionMask = 0;
			files = (
			);
			runOnlyForDeploymentPostprocessing = 0;
		};
		OBJ_217 /* Frameworks */ = {
			isa = PBXFrameworksBuildPhase;
			buildActionMask = 0;
			files = (
				OBJ_218 /* SwiftCLI.framework in Frameworks */,
			);
			runOnlyForDeploymentPostprocessing = 0;
		};
		OBJ_240 /* Frameworks */ = {
			isa = PBXFrameworksBuildPhase;
			buildActionMask = 0;
			files = (
				OBJ_241 /* Motor.framework in Frameworks */,
				OBJ_242 /* ANSIEscapeCode.framework in Frameworks */,
				OBJ_243 /* SwiftKit.framework in Frameworks */,
				OBJ_244 /* SwiftCLI.framework in Frameworks */,
			);
			runOnlyForDeploymentPostprocessing = 0;
		};
		OBJ_267 /* Frameworks */ = {
			isa = PBXFrameworksBuildPhase;
			buildActionMask = 0;
			files = (
				OBJ_268 /* Motor.framework in Frameworks */,
				OBJ_269 /* ANSIEscapeCode.framework in Frameworks */,
				OBJ_270 /* SwiftKit.framework in Frameworks */,
				OBJ_271 /* SwiftCLI.framework in Frameworks */,
			);
			runOnlyForDeploymentPostprocessing = 0;
		};
/* End PBXFrameworksBuildPhase section */

/* Begin PBXGroup section */
		OBJ_109 /* Products */ = {
			isa = PBXGroup;
			children = (
				"ANSIEscapeCode::ANSIEscapeCode::Product" /* ANSIEscapeCode.framework */,
				"Motor::Motor::Product" /* Motor.framework */,
				"SwiftKit::SwiftKit::Product" /* SwiftKit.framework */,
				"SwiftCLI::SwiftCLI::Product" /* SwiftCLI.framework */,
				"SwiftKit::SwiftKitCLI::Product" /* SwiftKitCLI */,
				"SwiftKit::SwiftKitTests::Product" /* SwiftKitTests.xctest */,
			);
			name = Products;
			sourceTree = BUILT_PRODUCTS_DIR;
		};
		OBJ_12 /* Models */ = {
			isa = PBXGroup;
			children = (
				OBJ_17 /* Kit.swift */,
				OBJ_15 /* Kit+Directory.swift */,
				OBJ_14 /* Kit+Author.swift */,
				OBJ_16 /* Kit+Organization.swift */,
				OBJ_13 /* CIService.swift */,
			);
			path = Models;
			sourceTree = "<group>";
		};
		OBJ_18 /* Services */ = {
			isa = PBXGroup;
			children = (
				OBJ_19 /* GitService */,
				OBJ_31 /* KitService */,
				OBJ_22 /* InternalServices */,
			);
			path = Services;
			sourceTree = "<group>";
		};
		OBJ_19 /* GitService */ = {
			isa = PBXGroup;
			children = (
				OBJ_20 /* GitService.swift */,
				OBJ_21 /* SwiftCLIGitService.swift */,
			);
			path = GitService;
			sourceTree = "<group>";
		};
		OBJ_22 /* InternalServices */ = {
			isa = PBXGroup;
			children = (
				OBJ_27 /* KitSetupService */,
				OBJ_23 /* KitMigrationService */,
			);
			path = InternalServices;
			sourceTree = "<group>";
		};
		OBJ_23 /* KitMigrationService */ = {
			isa = PBXGroup;
			children = (
				OBJ_26 /* KitMigrationService.swift */,
				OBJ_24 /* DefaultKitMigrationService.swift */,
				OBJ_25 /* DisabledKitMigrationService.swift */,
			);
			path = KitMigrationService;
			sourceTree = "<group>";
		};
		OBJ_27 /* KitSetupService */ = {
			isa = PBXGroup;
			children = (
				OBJ_30 /* KitSetupService.swift */,
				OBJ_28 /* DefaultKitSetupService.swift */,
				OBJ_29 /* DisabledKitSetupService.swift */,
			);
			path = KitSetupService;
			sourceTree = "<group>";
		};
		OBJ_31 /* KitService */ = {
			isa = PBXGroup;
			children = (
				OBJ_33 /* KitService.swift */,
				OBJ_32 /* DefaultKitService.swift */,
			);
			path = KitService;
			sourceTree = "<group>";
		};
		OBJ_36 /* SwiftKitCLI */ = {
			isa = PBXGroup;
			children = (
				OBJ_56 /* main.swift */,
				OBJ_55 /* SwiftKitCLI.swift */,
				OBJ_37 /* Commands */,
				OBJ_51 /* Extensions */,
			);
			name = SwiftKitCLI;
			path = Sources/SwiftKitCLI;
			sourceTree = SOURCE_ROOT;
		};
		OBJ_37 /* Commands */ = {
			isa = PBXGroup;
			children = (
				OBJ_38 /* New */,
			);
			path = Commands;
			sourceTree = "<group>";
		};
		OBJ_38 /* New */ = {
			isa = PBXGroup;
			children = (
				OBJ_41 /* NewCommand.swift */,
				OBJ_39 /* Argument */,
				OBJ_42 /* Question */,
			);
			path = New;
			sourceTree = "<group>";
		};
		OBJ_39 /* Argument */ = {
			isa = PBXGroup;
			children = (
				OBJ_40 /* NewCommand+Argument.swift */,
			);
			path = Argument;
			sourceTree = "<group>";
		};
		OBJ_42 /* Question */ = {
			isa = PBXGroup;
			children = (
				OBJ_49 /* Question.swift */,
				OBJ_46 /* KitNameQuestion.swift */,
				OBJ_44 /* AuthorNameQuestion.swift */,
				OBJ_43 /* AuthorEmailQuestion.swift */,
				OBJ_50 /* RepositoryURLQuestion.swift */,
				OBJ_45 /* CIServiceQuestion.swift */,
				OBJ_48 /* OrganizationNameQuestion.swift */,
				OBJ_47 /* OrganizationIdentifierQuestion.swift */,
			);
			path = Question;
			sourceTree = "<group>";
		};
		OBJ_5 /*  */ = {
			isa = PBXGroup;
			children = (
				OBJ_6 /* Package.swift */,
				OBJ_7 /* Sources */,
				OBJ_57 /* Tests */,
				OBJ_61 /* Dependencies */,
				OBJ_109 /* Products */,
				OBJ_116 /* Template */,
				OBJ_117 /* LICENSE */,
				OBJ_118 /* README.md */,
			);
			name = "";
			sourceTree = "<group>";
		};
		OBJ_51 /* Extensions */ = {
			isa = PBXGroup;
			children = (
				OBJ_52 /* Flag+Present.swift */,
				OBJ_53 /* String+AsciiArt.swift */,
				OBJ_54 /* String+NonEmpty.swift */,
			);
			path = Extensions;
			sourceTree = "<group>";
		};
		OBJ_57 /* Tests */ = {
			isa = PBXGroup;
			children = (
				OBJ_58 /* SwiftKitTests */,
			);
			name = Tests;
			sourceTree = SOURCE_ROOT;
		};
		OBJ_58 /* SwiftKitTests */ = {
			isa = PBXGroup;
			children = (
				OBJ_59 /* SwiftKitTests.swift */,
				OBJ_60 /* XCTestManifests.swift */,
			);
			name = SwiftKitTests;
			path = Tests/SwiftKitTests;
			sourceTree = SOURCE_ROOT;
		};
		OBJ_61 /* Dependencies */ = {
			isa = PBXGroup;
			children = (
				OBJ_62 /* Motor 0.1.2 */,
				OBJ_71 /* ANSIEscapeCode 0.1.1 */,
				OBJ_85 /* SwiftCLI 5.2.2 */,
			);
			name = Dependencies;
			sourceTree = "<group>";
		};
		OBJ_62 /* Motor 0.1.2 */ = {
			isa = PBXGroup;
			children = (
				OBJ_63 /* Motor */,
				OBJ_69 /* motor-example */,
				OBJ_70 /* Package.swift */,
			);
			name = "Motor 0.1.2";
			sourceTree = SOURCE_ROOT;
		};
		OBJ_63 /* Motor */ = {
			isa = PBXGroup;
			children = (
				OBJ_64 /* Animation.swift */,
				OBJ_65 /* Animator.swift */,
				OBJ_66 /* Pattern.swift */,
				OBJ_67 /* Patterns.swift */,
				OBJ_68 /* Spinner.swift */,
			);
			name = Motor;
			path = .build/checkouts/Motor/Sources/Motor;
			sourceTree = SOURCE_ROOT;
		};
		OBJ_69 /* motor-example */ = {
			isa = PBXGroup;
			children = (
			);
			name = "motor-example";
			path = ".build/checkouts/Motor/Sources/motor-example";
			sourceTree = SOURCE_ROOT;
		};
		OBJ_7 /* Sources */ = {
			isa = PBXGroup;
			children = (
				OBJ_8 /* SwiftKit */,
				OBJ_36 /* SwiftKitCLI */,
			);
			name = Sources;
			sourceTree = SOURCE_ROOT;
		};
		OBJ_71 /* ANSIEscapeCode 0.1.1 */ = {
			isa = PBXGroup;
			children = (
				OBJ_72 /* ANSIEscapeCode */,
				OBJ_83 /* ANSIEscapeCode-logo */,
				OBJ_84 /* Package.swift */,
			);
			name = "ANSIEscapeCode 0.1.1";
			sourceTree = SOURCE_ROOT;
		};
		OBJ_72 /* ANSIEscapeCode */ = {
			isa = PBXGroup;
			children = (
				OBJ_73 /* ANSIEscapeCode.swift */,
				OBJ_74 /* BackgroundColor.swift */,
				OBJ_75 /* Cursor.swift */,
				OBJ_76 /* Erase.swift */,
				OBJ_77 /* EraseInDisplayType.swift */,
				OBJ_78 /* EraseInLineType.swift */,
				OBJ_79 /* PrintANSIEscapeCode.swift */,
				OBJ_80 /* Scroll.swift */,
				OBJ_81 /* String+ANSIEscapeCode.swift */,
				OBJ_82 /* TextColor.swift */,
			);
			name = ANSIEscapeCode;
			path = .build/checkouts/ANSIEscapeCode/Sources/ANSIEscapeCode;
			sourceTree = SOURCE_ROOT;
		};
		OBJ_8 /* SwiftKit */ = {
			isa = PBXGroup;
			children = (
				OBJ_35 /* SwiftKit.swift */,
				OBJ_34 /* SwiftKit+Environment.swift */,
				OBJ_18 /* Services */,
				OBJ_12 /* Models */,
				OBJ_9 /* Extensions */,
			);
			name = SwiftKit;
			path = Sources/SwiftKit;
			sourceTree = SOURCE_ROOT;
		};
		OBJ_83 /* ANSIEscapeCode-logo */ = {
			isa = PBXGroup;
			children = (
			);
			name = "ANSIEscapeCode-logo";
			path = ".build/checkouts/ANSIEscapeCode/Sources/ANSIEscapeCode-logo";
			sourceTree = SOURCE_ROOT;
		};
		OBJ_85 /* SwiftCLI 5.2.2 */ = {
			isa = PBXGroup;
			children = (
				OBJ_86 /* SwiftCLI */,
				OBJ_108 /* Package.swift */,
			);
			name = "SwiftCLI 5.2.2";
			sourceTree = SOURCE_ROOT;
		};
		OBJ_86 /* SwiftCLI */ = {
			isa = PBXGroup;
			children = (
				OBJ_87 /* ArgumentList.swift */,
				OBJ_88 /* ArgumentListManipulator.swift */,
				OBJ_89 /* CLI.swift */,
				OBJ_90 /* Command.swift */,
				OBJ_91 /* Compatibility.swift */,
				OBJ_92 /* CompletionGenerator.swift */,
				OBJ_93 /* Error.swift */,
				OBJ_94 /* HelpCommand.swift */,
				OBJ_95 /* HelpMessageGenerator.swift */,
				OBJ_96 /* Input.swift */,
				OBJ_97 /* Option.swift */,
				OBJ_98 /* OptionGroup.swift */,
				OBJ_99 /* OptionRegistry.swift */,
				OBJ_100 /* Parameter.swift */,
				OBJ_101 /* Parser.swift */,
				OBJ_102 /* Path.swift */,
				OBJ_103 /* Stream.swift */,
				OBJ_104 /* Task.swift */,
				OBJ_105 /* Term.swift */,
				OBJ_106 /* Validation.swift */,
				OBJ_107 /* VersionCommand.swift */,
			);
			name = SwiftCLI;
			path = .build/checkouts/SwiftCLI/Sources/SwiftCLI;
			sourceTree = SOURCE_ROOT;
		};
		OBJ_9 /* Extensions */ = {
			isa = PBXGroup;
			children = (
				OBJ_10 /* DateFormatter+Init.swift */,
				OBJ_11 /* String+DropSuffix.swift */,
			);
			path = Extensions;
			sourceTree = "<group>";
		};
/* End PBXGroup section */

/* Begin PBXNativeTarget section */
		"ANSIEscapeCode::ANSIEscapeCode" /* ANSIEscapeCode */ = {
			isa = PBXNativeTarget;
			buildConfigurationList = OBJ_120 /* Build configuration list for PBXNativeTarget "ANSIEscapeCode" */;
			buildPhases = (
				OBJ_123 /* Sources */,
				OBJ_134 /* Frameworks */,
			);
			buildRules = (
			);
			dependencies = (
			);
			name = ANSIEscapeCode;
			productName = ANSIEscapeCode;
			productReference = "ANSIEscapeCode::ANSIEscapeCode::Product" /* ANSIEscapeCode.framework */;
			productType = "com.apple.product-type.framework";
		};
		"ANSIEscapeCode::SwiftPMPackageDescription" /* ANSIEscapeCodePackageDescription */ = {
			isa = PBXNativeTarget;
			buildConfigurationList = OBJ_136 /* Build configuration list for PBXNativeTarget "ANSIEscapeCodePackageDescription" */;
			buildPhases = (
				OBJ_139 /* Sources */,
			);
			buildRules = (
			);
			dependencies = (
			);
			name = ANSIEscapeCodePackageDescription;
			productName = ANSIEscapeCodePackageDescription;
			productType = "com.apple.product-type.framework";
		};
		"Motor::Motor" /* Motor */ = {
			isa = PBXNativeTarget;
			buildConfigurationList = OBJ_142 /* Build configuration list for PBXNativeTarget "Motor" */;
			buildPhases = (
				OBJ_145 /* Sources */,
				OBJ_151 /* Frameworks */,
			);
			buildRules = (
			);
			dependencies = (
				OBJ_153 /* PBXTargetDependency */,
			);
			name = Motor;
			productName = Motor;
			productReference = "Motor::Motor::Product" /* Motor.framework */;
			productType = "com.apple.product-type.framework";
		};
		"Motor::SwiftPMPackageDescription" /* MotorPackageDescription */ = {
			isa = PBXNativeTarget;
			buildConfigurationList = OBJ_155 /* Build configuration list for PBXNativeTarget "MotorPackageDescription" */;
			buildPhases = (
				OBJ_158 /* Sources */,
			);
			buildRules = (
			);
			dependencies = (
			);
			name = MotorPackageDescription;
			productName = MotorPackageDescription;
			productType = "com.apple.product-type.framework";
		};
		"SwiftCLI::SwiftCLI" /* SwiftCLI */ = {
			isa = PBXNativeTarget;
			buildConfigurationList = OBJ_161 /* Build configuration list for PBXNativeTarget "SwiftCLI" */;
			buildPhases = (
				OBJ_164 /* Sources */,
				OBJ_186 /* Frameworks */,
			);
			buildRules = (
			);
			dependencies = (
			);
			name = SwiftCLI;
			productName = SwiftCLI;
			productReference = "SwiftCLI::SwiftCLI::Product" /* SwiftCLI.framework */;
			productType = "com.apple.product-type.framework";
		};
		"SwiftCLI::SwiftPMPackageDescription" /* SwiftCLIPackageDescription */ = {
			isa = PBXNativeTarget;
			buildConfigurationList = OBJ_188 /* Build configuration list for PBXNativeTarget "SwiftCLIPackageDescription" */;
			buildPhases = (
				OBJ_191 /* Sources */,
			);
			buildRules = (
			);
			dependencies = (
			);
			name = SwiftCLIPackageDescription;
			productName = SwiftCLIPackageDescription;
			productType = "com.apple.product-type.framework";
		};
		"SwiftKit::SwiftKit" /* SwiftKit */ = {
			isa = PBXNativeTarget;
			buildConfigurationList = OBJ_194 /* Build configuration list for PBXNativeTarget "SwiftKit" */;
			buildPhases = (
				OBJ_197 /* Sources */,
				OBJ_217 /* Frameworks */,
				3D81AD902279D17A00E1C6CB /* Run SwiftLint */,
			);
			buildRules = (
			);
			dependencies = (
				OBJ_219 /* PBXTargetDependency */,
			);
			name = SwiftKit;
			productName = SwiftKit;
			productReference = "SwiftKit::SwiftKit::Product" /* SwiftKit.framework */;
			productType = "com.apple.product-type.framework";
		};
		"SwiftKit::SwiftKitCLI" /* SwiftKitCLI */ = {
			isa = PBXNativeTarget;
			buildConfigurationList = OBJ_221 /* Build configuration list for PBXNativeTarget "SwiftKitCLI" */;
			buildPhases = (
				OBJ_224 /* Sources */,
				OBJ_240 /* Frameworks */,
			);
			buildRules = (
			);
			dependencies = (
				OBJ_245 /* PBXTargetDependency */,
				OBJ_246 /* PBXTargetDependency */,
				OBJ_247 /* PBXTargetDependency */,
				OBJ_248 /* PBXTargetDependency */,
			);
			name = SwiftKitCLI;
			productName = SwiftKitCLI;
			productReference = "SwiftKit::SwiftKitCLI::Product" /* SwiftKitCLI */;
			productType = "com.apple.product-type.tool";
		};
		"SwiftKit::SwiftKitTests" /* SwiftKitTests */ = {
			isa = PBXNativeTarget;
			buildConfigurationList = OBJ_261 /* Build configuration list for PBXNativeTarget "SwiftKitTests" */;
			buildPhases = (
				OBJ_264 /* Sources */,
				OBJ_267 /* Frameworks */,
			);
			buildRules = (
			);
			dependencies = (
				OBJ_272 /* PBXTargetDependency */,
				OBJ_273 /* PBXTargetDependency */,
				OBJ_274 /* PBXTargetDependency */,
				OBJ_275 /* PBXTargetDependency */,
				OBJ_276 /* PBXTargetDependency */,
			);
			name = SwiftKitTests;
			productName = SwiftKitTests;
			productReference = "SwiftKit::SwiftKitTests::Product" /* SwiftKitTests.xctest */;
			productType = "com.apple.product-type.bundle.unit-test";
		};
		"SwiftKit::SwiftPMPackageDescription" /* SwiftKitPackageDescription */ = {
			isa = PBXNativeTarget;
			buildConfigurationList = OBJ_250 /* Build configuration list for PBXNativeTarget "SwiftKitPackageDescription" */;
			buildPhases = (
				OBJ_253 /* Sources */,
			);
			buildRules = (
			);
			dependencies = (
			);
			name = SwiftKitPackageDescription;
			productName = SwiftKitPackageDescription;
			productType = "com.apple.product-type.framework";
		};
/* End PBXNativeTarget section */

/* Begin PBXProject section */
		OBJ_1 /* Project object */ = {
			isa = PBXProject;
			attributes = {
				LastSwiftMigration = 9999;
				LastUpgradeCheck = 9999;
			};
			buildConfigurationList = OBJ_2 /* Build configuration list for PBXProject "SwiftKit" */;
			compatibilityVersion = "Xcode 3.2";
			developmentRegion = English;
			hasScannedForEncodings = 0;
			knownRegions = (
				English,
				en,
			);
			mainGroup = OBJ_5 /*  */;
			productRefGroup = OBJ_109 /* Products */;
			projectDirPath = "";
			projectRoot = "";
			targets = (
				"ANSIEscapeCode::ANSIEscapeCode" /* ANSIEscapeCode */,
				"ANSIEscapeCode::SwiftPMPackageDescription" /* ANSIEscapeCodePackageDescription */,
				"Motor::Motor" /* Motor */,
				"Motor::SwiftPMPackageDescription" /* MotorPackageDescription */,
				"SwiftCLI::SwiftCLI" /* SwiftCLI */,
				"SwiftCLI::SwiftPMPackageDescription" /* SwiftCLIPackageDescription */,
				"SwiftKit::SwiftKit" /* SwiftKit */,
				"SwiftKit::SwiftKitCLI" /* SwiftKitCLI */,
				"SwiftKit::SwiftPMPackageDescription" /* SwiftKitPackageDescription */,
				"SwiftKit::SwiftKitPackageTests::ProductTarget" /* SwiftKitPackageTests */,
				"SwiftKit::SwiftKitTests" /* SwiftKitTests */,
				"SwiftKit::swiftkit::ProductTarget" /* swiftkit */,
			);
		};
/* End PBXProject section */

/* Begin PBXShellScriptBuildPhase section */
		3D81AD902279D17A00E1C6CB /* Run SwiftLint */ = {
			isa = PBXShellScriptBuildPhase;
			buildActionMask = 2147483647;
			files = (
			);
			inputFileListPaths = (
			);
			inputPaths = (
			);
			name = "Run SwiftLint";
			outputFileListPaths = (
			);
			outputPaths = (
			);
			runOnlyForDeploymentPostprocessing = 0;
			shellPath = /bin/sh;
			shellScript = "if which swiftlint >/dev/null; then\nswiftlint\nelse\necho \"warning: SwiftLint not installed, download from https://github.com/realm/SwiftLint\"\nfi\n";
		};
/* End PBXShellScriptBuildPhase section */

/* Begin PBXSourcesBuildPhase section */
		OBJ_123 /* Sources */ = {
			isa = PBXSourcesBuildPhase;
			buildActionMask = 0;
			files = (
				OBJ_124 /* ANSIEscapeCode.swift in Sources */,
				OBJ_125 /* BackgroundColor.swift in Sources */,
				OBJ_126 /* Cursor.swift in Sources */,
				OBJ_127 /* Erase.swift in Sources */,
				OBJ_128 /* EraseInDisplayType.swift in Sources */,
				OBJ_129 /* EraseInLineType.swift in Sources */,
				OBJ_130 /* PrintANSIEscapeCode.swift in Sources */,
				OBJ_131 /* Scroll.swift in Sources */,
				OBJ_132 /* String+ANSIEscapeCode.swift in Sources */,
				OBJ_133 /* TextColor.swift in Sources */,
			);
			runOnlyForDeploymentPostprocessing = 0;
		};
		OBJ_139 /* Sources */ = {
			isa = PBXSourcesBuildPhase;
			buildActionMask = 0;
			files = (
				OBJ_140 /* Package.swift in Sources */,
			);
			runOnlyForDeploymentPostprocessing = 0;
		};
		OBJ_145 /* Sources */ = {
			isa = PBXSourcesBuildPhase;
			buildActionMask = 0;
			files = (
				OBJ_146 /* Animation.swift in Sources */,
				OBJ_147 /* Animator.swift in Sources */,
				OBJ_148 /* Pattern.swift in Sources */,
				OBJ_149 /* Patterns.swift in Sources */,
				OBJ_150 /* Spinner.swift in Sources */,
			);
			runOnlyForDeploymentPostprocessing = 0;
		};
		OBJ_158 /* Sources */ = {
			isa = PBXSourcesBuildPhase;
			buildActionMask = 0;
			files = (
				OBJ_159 /* Package.swift in Sources */,
			);
			runOnlyForDeploymentPostprocessing = 0;
		};
		OBJ_164 /* Sources */ = {
			isa = PBXSourcesBuildPhase;
			buildActionMask = 0;
			files = (
				OBJ_165 /* ArgumentList.swift in Sources */,
				OBJ_166 /* ArgumentListManipulator.swift in Sources */,
				OBJ_167 /* CLI.swift in Sources */,
				OBJ_168 /* Command.swift in Sources */,
				OBJ_169 /* Compatibility.swift in Sources */,
				OBJ_170 /* CompletionGenerator.swift in Sources */,
				OBJ_171 /* Error.swift in Sources */,
				OBJ_172 /* HelpCommand.swift in Sources */,
				OBJ_173 /* HelpMessageGenerator.swift in Sources */,
				OBJ_174 /* Input.swift in Sources */,
				OBJ_175 /* Option.swift in Sources */,
				OBJ_176 /* OptionGroup.swift in Sources */,
				OBJ_177 /* OptionRegistry.swift in Sources */,
				OBJ_178 /* Parameter.swift in Sources */,
				OBJ_179 /* Parser.swift in Sources */,
				OBJ_180 /* Path.swift in Sources */,
				OBJ_181 /* Stream.swift in Sources */,
				OBJ_182 /* Task.swift in Sources */,
				OBJ_183 /* Term.swift in Sources */,
				OBJ_184 /* Validation.swift in Sources */,
				OBJ_185 /* VersionCommand.swift in Sources */,
			);
			runOnlyForDeploymentPostprocessing = 0;
		};
		OBJ_191 /* Sources */ = {
			isa = PBXSourcesBuildPhase;
			buildActionMask = 0;
			files = (
				OBJ_192 /* Package.swift in Sources */,
			);
			runOnlyForDeploymentPostprocessing = 0;
		};
		OBJ_197 /* Sources */ = {
			isa = PBXSourcesBuildPhase;
			buildActionMask = 0;
			files = (
				OBJ_198 /* DateFormatter+Init.swift in Sources */,
				OBJ_199 /* String+DropSuffix.swift in Sources */,
				OBJ_200 /* CIService.swift in Sources */,
				OBJ_201 /* Kit+Author.swift in Sources */,
				OBJ_202 /* Kit+Directory.swift in Sources */,
				OBJ_203 /* Kit+Organization.swift in Sources */,
				OBJ_204 /* Kit.swift in Sources */,
				OBJ_205 /* GitService.swift in Sources */,
				OBJ_206 /* SwiftCLIGitService.swift in Sources */,
				OBJ_207 /* DefaultKitMigrationService.swift in Sources */,
				OBJ_208 /* DisabledKitMigrationService.swift in Sources */,
				OBJ_209 /* KitMigrationService.swift in Sources */,
				OBJ_210 /* DefaultKitSetupService.swift in Sources */,
				OBJ_211 /* DisabledKitSetupService.swift in Sources */,
				OBJ_212 /* KitSetupService.swift in Sources */,
				OBJ_213 /* DefaultKitService.swift in Sources */,
				OBJ_214 /* KitService.swift in Sources */,
				OBJ_215 /* SwiftKit+Environment.swift in Sources */,
				OBJ_216 /* SwiftKit.swift in Sources */,
			);
			runOnlyForDeploymentPostprocessing = 0;
		};
		OBJ_224 /* Sources */ = {
			isa = PBXSourcesBuildPhase;
			buildActionMask = 0;
			files = (
				OBJ_225 /* NewCommand+Argument.swift in Sources */,
				OBJ_226 /* NewCommand.swift in Sources */,
				OBJ_227 /* AuthorEmailQuestion.swift in Sources */,
				OBJ_228 /* AuthorNameQuestion.swift in Sources */,
				OBJ_229 /* CIServiceQuestion.swift in Sources */,
				OBJ_230 /* KitNameQuestion.swift in Sources */,
				OBJ_231 /* OrganizationIdentifierQuestion.swift in Sources */,
				OBJ_232 /* OrganizationNameQuestion.swift in Sources */,
				OBJ_233 /* Question.swift in Sources */,
				OBJ_234 /* RepositoryURLQuestion.swift in Sources */,
				OBJ_235 /* Flag+Present.swift in Sources */,
				OBJ_236 /* String+AsciiArt.swift in Sources */,
				OBJ_237 /* String+NonEmpty.swift in Sources */,
				OBJ_238 /* SwiftKitCLI.swift in Sources */,
				OBJ_239 /* main.swift in Sources */,
			);
			runOnlyForDeploymentPostprocessing = 0;
		};
		OBJ_253 /* Sources */ = {
			isa = PBXSourcesBuildPhase;
			buildActionMask = 0;
			files = (
				OBJ_254 /* Package.swift in Sources */,
			);
			runOnlyForDeploymentPostprocessing = 0;
		};
		OBJ_264 /* Sources */ = {
			isa = PBXSourcesBuildPhase;
			buildActionMask = 0;
			files = (
				OBJ_265 /* SwiftKitTests.swift in Sources */,
				OBJ_266 /* XCTestManifests.swift in Sources */,
			);
			runOnlyForDeploymentPostprocessing = 0;
		};
/* End PBXSourcesBuildPhase section */

/* Begin PBXTargetDependency section */
		OBJ_153 /* PBXTargetDependency */ = {
			isa = PBXTargetDependency;
			target = "ANSIEscapeCode::ANSIEscapeCode" /* ANSIEscapeCode */;
			targetProxy = 3D81AD842279D00200E1C6CB /* PBXContainerItemProxy */;
		};
		OBJ_219 /* PBXTargetDependency */ = {
			isa = PBXTargetDependency;
			target = "SwiftCLI::SwiftCLI" /* SwiftCLI */;
			targetProxy = 3D81AD872279D00200E1C6CB /* PBXContainerItemProxy */;
		};
		OBJ_245 /* PBXTargetDependency */ = {
			isa = PBXTargetDependency;
			target = "Motor::Motor" /* Motor */;
			targetProxy = 3D81AD832279D00200E1C6CB /* PBXContainerItemProxy */;
		};
		OBJ_246 /* PBXTargetDependency */ = {
			isa = PBXTargetDependency;
			target = "ANSIEscapeCode::ANSIEscapeCode" /* ANSIEscapeCode */;
			targetProxy = 3D81AD852279D00200E1C6CB /* PBXContainerItemProxy */;
		};
		OBJ_247 /* PBXTargetDependency */ = {
			isa = PBXTargetDependency;
			target = "SwiftKit::SwiftKit" /* SwiftKit */;
			targetProxy = 3D81AD862279D00200E1C6CB /* PBXContainerItemProxy */;
		};
		OBJ_248 /* PBXTargetDependency */ = {
			isa = PBXTargetDependency;
			target = "SwiftCLI::SwiftCLI" /* SwiftCLI */;
			targetProxy = 3D81AD882279D00200E1C6CB /* PBXContainerItemProxy */;
		};
		OBJ_259 /* PBXTargetDependency */ = {
			isa = PBXTargetDependency;
			target = "SwiftKit::SwiftKitTests" /* SwiftKitTests */;
			targetProxy = 3D81AD8E2279D00500E1C6CB /* PBXContainerItemProxy */;
		};
		OBJ_272 /* PBXTargetDependency */ = {
			isa = PBXTargetDependency;
			target = "SwiftKit::SwiftKitCLI" /* SwiftKitCLI */;
			targetProxy = 3D81AD892279D00200E1C6CB /* PBXContainerItemProxy */;
		};
		OBJ_273 /* PBXTargetDependency */ = {
			isa = PBXTargetDependency;
			target = "Motor::Motor" /* Motor */;
			targetProxy = 3D81AD8A2279D00200E1C6CB /* PBXContainerItemProxy */;
		};
		OBJ_274 /* PBXTargetDependency */ = {
			isa = PBXTargetDependency;
			target = "ANSIEscapeCode::ANSIEscapeCode" /* ANSIEscapeCode */;
			targetProxy = 3D81AD8B2279D00200E1C6CB /* PBXContainerItemProxy */;
		};
		OBJ_275 /* PBXTargetDependency */ = {
			isa = PBXTargetDependency;
			target = "SwiftKit::SwiftKit" /* SwiftKit */;
			targetProxy = 3D81AD8C2279D00200E1C6CB /* PBXContainerItemProxy */;
		};
		OBJ_276 /* PBXTargetDependency */ = {
			isa = PBXTargetDependency;
			target = "SwiftCLI::SwiftCLI" /* SwiftCLI */;
			targetProxy = 3D81AD8D2279D00200E1C6CB /* PBXContainerItemProxy */;
		};
		OBJ_281 /* PBXTargetDependency */ = {
			isa = PBXTargetDependency;
			target = "SwiftKit::SwiftKitCLI" /* SwiftKitCLI */;
			targetProxy = 3D81AD8F2279D00500E1C6CB /* PBXContainerItemProxy */;
		};
/* End PBXTargetDependency section */

/* Begin XCBuildConfiguration section */
		OBJ_121 /* Debug */ = {
			isa = XCBuildConfiguration;
			buildSettings = {
				ENABLE_TESTABILITY = YES;
				FRAMEWORK_SEARCH_PATHS = (
					"$(inherited)",
					"$(PLATFORM_DIR)/Developer/Library/Frameworks",
				);
				HEADER_SEARCH_PATHS = "$(inherited)";
				INFOPLIST_FILE = SwiftKit.xcodeproj/ANSIEscapeCode_Info.plist;
				LD_RUNPATH_SEARCH_PATHS = "$(inherited) $(TOOLCHAIN_DIR)/usr/lib/swift/macosx";
				OTHER_CFLAGS = "$(inherited)";
				OTHER_LDFLAGS = "$(inherited)";
				OTHER_SWIFT_FLAGS = "$(inherited)";
				PRODUCT_BUNDLE_IDENTIFIER = ANSIEscapeCode;
				PRODUCT_MODULE_NAME = "$(TARGET_NAME:c99extidentifier)";
				PRODUCT_NAME = "$(TARGET_NAME:c99extidentifier)";
				SKIP_INSTALL = YES;
				SWIFT_ACTIVE_COMPILATION_CONDITIONS = "$(inherited)";
				SWIFT_VERSION = 4.0;
				TARGET_NAME = ANSIEscapeCode;
			};
			name = Debug;
		};
		OBJ_122 /* Release */ = {
			isa = XCBuildConfiguration;
			buildSettings = {
				ENABLE_TESTABILITY = YES;
				FRAMEWORK_SEARCH_PATHS = (
					"$(inherited)",
					"$(PLATFORM_DIR)/Developer/Library/Frameworks",
				);
				HEADER_SEARCH_PATHS = "$(inherited)";
				INFOPLIST_FILE = SwiftKit.xcodeproj/ANSIEscapeCode_Info.plist;
				LD_RUNPATH_SEARCH_PATHS = "$(inherited) $(TOOLCHAIN_DIR)/usr/lib/swift/macosx";
				OTHER_CFLAGS = "$(inherited)";
				OTHER_LDFLAGS = "$(inherited)";
				OTHER_SWIFT_FLAGS = "$(inherited)";
				PRODUCT_BUNDLE_IDENTIFIER = ANSIEscapeCode;
				PRODUCT_MODULE_NAME = "$(TARGET_NAME:c99extidentifier)";
				PRODUCT_NAME = "$(TARGET_NAME:c99extidentifier)";
				SKIP_INSTALL = YES;
				SWIFT_ACTIVE_COMPILATION_CONDITIONS = "$(inherited)";
				SWIFT_VERSION = 4.0;
				TARGET_NAME = ANSIEscapeCode;
			};
			name = Release;
		};
		OBJ_137 /* Debug */ = {
			isa = XCBuildConfiguration;
			buildSettings = {
				LD = /usr/bin/true;
				OTHER_SWIFT_FLAGS = "-swift-version 4 -I $(TOOLCHAIN_DIR)/usr/lib/swift/pm/4 -target x86_64-apple-macosx10.10 -sdk /Applications/Xcode.app/Contents/Developer/Platforms/MacOSX.platform/Developer/SDKs/MacOSX10.14.sdk";
				SWIFT_VERSION = 4.0;
			};
			name = Debug;
		};
		OBJ_138 /* Release */ = {
			isa = XCBuildConfiguration;
			buildSettings = {
				LD = /usr/bin/true;
				OTHER_SWIFT_FLAGS = "-swift-version 4 -I $(TOOLCHAIN_DIR)/usr/lib/swift/pm/4 -target x86_64-apple-macosx10.10 -sdk /Applications/Xcode.app/Contents/Developer/Platforms/MacOSX.platform/Developer/SDKs/MacOSX10.14.sdk";
				SWIFT_VERSION = 4.0;
			};
			name = Release;
		};
		OBJ_143 /* Debug */ = {
			isa = XCBuildConfiguration;
			buildSettings = {
				ENABLE_TESTABILITY = YES;
				FRAMEWORK_SEARCH_PATHS = (
					"$(inherited)",
					"$(PLATFORM_DIR)/Developer/Library/Frameworks",
				);
				HEADER_SEARCH_PATHS = "$(inherited)";
				INFOPLIST_FILE = SwiftKit.xcodeproj/Motor_Info.plist;
				LD_RUNPATH_SEARCH_PATHS = "$(inherited) $(TOOLCHAIN_DIR)/usr/lib/swift/macosx";
				OTHER_CFLAGS = "$(inherited)";
				OTHER_LDFLAGS = "$(inherited)";
				OTHER_SWIFT_FLAGS = "$(inherited)";
				PRODUCT_BUNDLE_IDENTIFIER = Motor;
				PRODUCT_MODULE_NAME = "$(TARGET_NAME:c99extidentifier)";
				PRODUCT_NAME = "$(TARGET_NAME:c99extidentifier)";
				SKIP_INSTALL = YES;
				SWIFT_ACTIVE_COMPILATION_CONDITIONS = "$(inherited)";
				SWIFT_VERSION = 4.0;
				TARGET_NAME = Motor;
			};
			name = Debug;
		};
		OBJ_144 /* Release */ = {
			isa = XCBuildConfiguration;
			buildSettings = {
				ENABLE_TESTABILITY = YES;
				FRAMEWORK_SEARCH_PATHS = (
					"$(inherited)",
					"$(PLATFORM_DIR)/Developer/Library/Frameworks",
				);
				HEADER_SEARCH_PATHS = "$(inherited)";
				INFOPLIST_FILE = SwiftKit.xcodeproj/Motor_Info.plist;
				LD_RUNPATH_SEARCH_PATHS = "$(inherited) $(TOOLCHAIN_DIR)/usr/lib/swift/macosx";
				OTHER_CFLAGS = "$(inherited)";
				OTHER_LDFLAGS = "$(inherited)";
				OTHER_SWIFT_FLAGS = "$(inherited)";
				PRODUCT_BUNDLE_IDENTIFIER = Motor;
				PRODUCT_MODULE_NAME = "$(TARGET_NAME:c99extidentifier)";
				PRODUCT_NAME = "$(TARGET_NAME:c99extidentifier)";
				SKIP_INSTALL = YES;
				SWIFT_ACTIVE_COMPILATION_CONDITIONS = "$(inherited)";
				SWIFT_VERSION = 4.0;
				TARGET_NAME = Motor;
			};
			name = Release;
		};
		OBJ_156 /* Debug */ = {
			isa = XCBuildConfiguration;
			buildSettings = {
				LD = /usr/bin/true;
				OTHER_SWIFT_FLAGS = "-swift-version 4 -I $(TOOLCHAIN_DIR)/usr/lib/swift/pm/4 -target x86_64-apple-macosx10.10 -sdk /Applications/Xcode.app/Contents/Developer/Platforms/MacOSX.platform/Developer/SDKs/MacOSX10.14.sdk";
				SWIFT_VERSION = 4.0;
			};
			name = Debug;
		};
		OBJ_157 /* Release */ = {
			isa = XCBuildConfiguration;
			buildSettings = {
				LD = /usr/bin/true;
				OTHER_SWIFT_FLAGS = "-swift-version 4 -I $(TOOLCHAIN_DIR)/usr/lib/swift/pm/4 -target x86_64-apple-macosx10.10 -sdk /Applications/Xcode.app/Contents/Developer/Platforms/MacOSX.platform/Developer/SDKs/MacOSX10.14.sdk";
				SWIFT_VERSION = 4.0;
			};
			name = Release;
		};
		OBJ_162 /* Debug */ = {
			isa = XCBuildConfiguration;
			buildSettings = {
				ENABLE_TESTABILITY = YES;
				FRAMEWORK_SEARCH_PATHS = (
					"$(inherited)",
					"$(PLATFORM_DIR)/Developer/Library/Frameworks",
				);
				HEADER_SEARCH_PATHS = "$(inherited)";
				INFOPLIST_FILE = SwiftKit.xcodeproj/SwiftCLI_Info.plist;
				LD_RUNPATH_SEARCH_PATHS = "$(inherited) $(TOOLCHAIN_DIR)/usr/lib/swift/macosx";
				OTHER_CFLAGS = "$(inherited)";
				OTHER_LDFLAGS = "$(inherited)";
				OTHER_SWIFT_FLAGS = "$(inherited)";
				PRODUCT_BUNDLE_IDENTIFIER = SwiftCLI;
				PRODUCT_MODULE_NAME = "$(TARGET_NAME:c99extidentifier)";
				PRODUCT_NAME = "$(TARGET_NAME:c99extidentifier)";
				SKIP_INSTALL = YES;
				SWIFT_ACTIVE_COMPILATION_CONDITIONS = "$(inherited)";
				SWIFT_VERSION = 4.0;
				TARGET_NAME = SwiftCLI;
			};
			name = Debug;
		};
		OBJ_163 /* Release */ = {
			isa = XCBuildConfiguration;
			buildSettings = {
				ENABLE_TESTABILITY = YES;
				FRAMEWORK_SEARCH_PATHS = (
					"$(inherited)",
					"$(PLATFORM_DIR)/Developer/Library/Frameworks",
				);
				HEADER_SEARCH_PATHS = "$(inherited)";
				INFOPLIST_FILE = SwiftKit.xcodeproj/SwiftCLI_Info.plist;
				LD_RUNPATH_SEARCH_PATHS = "$(inherited) $(TOOLCHAIN_DIR)/usr/lib/swift/macosx";
				OTHER_CFLAGS = "$(inherited)";
				OTHER_LDFLAGS = "$(inherited)";
				OTHER_SWIFT_FLAGS = "$(inherited)";
				PRODUCT_BUNDLE_IDENTIFIER = SwiftCLI;
				PRODUCT_MODULE_NAME = "$(TARGET_NAME:c99extidentifier)";
				PRODUCT_NAME = "$(TARGET_NAME:c99extidentifier)";
				SKIP_INSTALL = YES;
				SWIFT_ACTIVE_COMPILATION_CONDITIONS = "$(inherited)";
				SWIFT_VERSION = 4.0;
				TARGET_NAME = SwiftCLI;
			};
			name = Release;
		};
		OBJ_189 /* Debug */ = {
			isa = XCBuildConfiguration;
			buildSettings = {
				LD = /usr/bin/true;
				OTHER_SWIFT_FLAGS = "-swift-version 4 -I $(TOOLCHAIN_DIR)/usr/lib/swift/pm/4 -target x86_64-apple-macosx10.10 -sdk /Applications/Xcode.app/Contents/Developer/Platforms/MacOSX.platform/Developer/SDKs/MacOSX10.14.sdk";
				SWIFT_VERSION = 4.0;
			};
			name = Debug;
		};
		OBJ_190 /* Release */ = {
			isa = XCBuildConfiguration;
			buildSettings = {
				LD = /usr/bin/true;
				OTHER_SWIFT_FLAGS = "-swift-version 4 -I $(TOOLCHAIN_DIR)/usr/lib/swift/pm/4 -target x86_64-apple-macosx10.10 -sdk /Applications/Xcode.app/Contents/Developer/Platforms/MacOSX.platform/Developer/SDKs/MacOSX10.14.sdk";
				SWIFT_VERSION = 4.0;
			};
			name = Release;
		};
		OBJ_195 /* Debug */ = {
			isa = XCBuildConfiguration;
			buildSettings = {
				ENABLE_TESTABILITY = YES;
				FRAMEWORK_SEARCH_PATHS = (
					"$(inherited)",
					"$(PLATFORM_DIR)/Developer/Library/Frameworks",
				);
				HEADER_SEARCH_PATHS = "$(inherited)";
				INFOPLIST_FILE = SwiftKit.xcodeproj/SwiftKit_Info.plist;
				LD_RUNPATH_SEARCH_PATHS = "$(inherited) $(TOOLCHAIN_DIR)/usr/lib/swift/macosx";
				OTHER_CFLAGS = "$(inherited)";
				OTHER_LDFLAGS = "$(inherited)";
				OTHER_SWIFT_FLAGS = "$(inherited)";
				PRODUCT_BUNDLE_IDENTIFIER = SwiftKit;
				PRODUCT_MODULE_NAME = "$(TARGET_NAME:c99extidentifier)";
				PRODUCT_NAME = "$(TARGET_NAME:c99extidentifier)";
				SKIP_INSTALL = YES;
				SWIFT_ACTIVE_COMPILATION_CONDITIONS = "$(inherited)";
				SWIFT_VERSION = 4.0;
				TARGET_NAME = SwiftKit;
			};
			name = Debug;
		};
		OBJ_196 /* Release */ = {
			isa = XCBuildConfiguration;
			buildSettings = {
				ENABLE_TESTABILITY = YES;
				FRAMEWORK_SEARCH_PATHS = (
					"$(inherited)",
					"$(PLATFORM_DIR)/Developer/Library/Frameworks",
				);
				HEADER_SEARCH_PATHS = "$(inherited)";
				INFOPLIST_FILE = SwiftKit.xcodeproj/SwiftKit_Info.plist;
				LD_RUNPATH_SEARCH_PATHS = "$(inherited) $(TOOLCHAIN_DIR)/usr/lib/swift/macosx";
				OTHER_CFLAGS = "$(inherited)";
				OTHER_LDFLAGS = "$(inherited)";
				OTHER_SWIFT_FLAGS = "$(inherited)";
				PRODUCT_BUNDLE_IDENTIFIER = SwiftKit;
				PRODUCT_MODULE_NAME = "$(TARGET_NAME:c99extidentifier)";
				PRODUCT_NAME = "$(TARGET_NAME:c99extidentifier)";
				SKIP_INSTALL = YES;
				SWIFT_ACTIVE_COMPILATION_CONDITIONS = "$(inherited)";
				SWIFT_VERSION = 4.0;
				TARGET_NAME = SwiftKit;
			};
			name = Release;
		};
		OBJ_222 /* Debug */ = {
			isa = XCBuildConfiguration;
			buildSettings = {
				FRAMEWORK_SEARCH_PATHS = (
					"$(inherited)",
					"$(PLATFORM_DIR)/Developer/Library/Frameworks",
				);
				HEADER_SEARCH_PATHS = "$(inherited)";
				INFOPLIST_FILE = SwiftKit.xcodeproj/SwiftKitCLI_Info.plist;
				LD_RUNPATH_SEARCH_PATHS = "$(inherited) $(TOOLCHAIN_DIR)/usr/lib/swift/macosx @executable_path";
				OTHER_CFLAGS = "$(inherited)";
				OTHER_LDFLAGS = "$(inherited)";
				OTHER_SWIFT_FLAGS = "$(inherited)";
				SWIFT_ACTIVE_COMPILATION_CONDITIONS = "$(inherited)";
				SWIFT_FORCE_DYNAMIC_LINK_STDLIB = YES;
				SWIFT_FORCE_STATIC_LINK_STDLIB = NO;
				SWIFT_VERSION = 4.0;
				TARGET_NAME = SwiftKitCLI;
			};
			name = Debug;
		};
		OBJ_223 /* Release */ = {
			isa = XCBuildConfiguration;
			buildSettings = {
				FRAMEWORK_SEARCH_PATHS = (
					"$(inherited)",
					"$(PLATFORM_DIR)/Developer/Library/Frameworks",
				);
				HEADER_SEARCH_PATHS = "$(inherited)";
				INFOPLIST_FILE = SwiftKit.xcodeproj/SwiftKitCLI_Info.plist;
				LD_RUNPATH_SEARCH_PATHS = "$(inherited) $(TOOLCHAIN_DIR)/usr/lib/swift/macosx @executable_path";
				OTHER_CFLAGS = "$(inherited)";
				OTHER_LDFLAGS = "$(inherited)";
				OTHER_SWIFT_FLAGS = "$(inherited)";
				SWIFT_ACTIVE_COMPILATION_CONDITIONS = "$(inherited)";
				SWIFT_FORCE_DYNAMIC_LINK_STDLIB = YES;
				SWIFT_FORCE_STATIC_LINK_STDLIB = NO;
				SWIFT_VERSION = 4.0;
				TARGET_NAME = SwiftKitCLI;
			};
			name = Release;
		};
		OBJ_251 /* Debug */ = {
			isa = XCBuildConfiguration;
			buildSettings = {
				LD = /usr/bin/true;
				OTHER_SWIFT_FLAGS = "-swift-version 4 -I $(TOOLCHAIN_DIR)/usr/lib/swift/pm/4 -target x86_64-apple-macosx10.10 -sdk /Applications/Xcode.app/Contents/Developer/Platforms/MacOSX.platform/Developer/SDKs/MacOSX10.14.sdk";
				SWIFT_VERSION = 4.0;
			};
			name = Debug;
		};
		OBJ_252 /* Release */ = {
			isa = XCBuildConfiguration;
			buildSettings = {
				LD = /usr/bin/true;
				OTHER_SWIFT_FLAGS = "-swift-version 4 -I $(TOOLCHAIN_DIR)/usr/lib/swift/pm/4 -target x86_64-apple-macosx10.10 -sdk /Applications/Xcode.app/Contents/Developer/Platforms/MacOSX.platform/Developer/SDKs/MacOSX10.14.sdk";
				SWIFT_VERSION = 4.0;
			};
			name = Release;
		};
		OBJ_257 /* Debug */ = {
			isa = XCBuildConfiguration;
			buildSettings = {
			};
			name = Debug;
		};
		OBJ_258 /* Release */ = {
			isa = XCBuildConfiguration;
			buildSettings = {
			};
			name = Release;
		};
		OBJ_262 /* Debug */ = {
			isa = XCBuildConfiguration;
			buildSettings = {
				CLANG_ENABLE_MODULES = YES;
				EMBEDDED_CONTENT_CONTAINS_SWIFT = YES;
				FRAMEWORK_SEARCH_PATHS = (
					"$(inherited)",
					"$(PLATFORM_DIR)/Developer/Library/Frameworks",
				);
				HEADER_SEARCH_PATHS = "$(inherited)";
				INFOPLIST_FILE = SwiftKit.xcodeproj/SwiftKitTests_Info.plist;
				LD_RUNPATH_SEARCH_PATHS = "$(inherited) @loader_path/../Frameworks @loader_path/Frameworks";
				OTHER_CFLAGS = "$(inherited)";
				OTHER_LDFLAGS = "$(inherited)";
				OTHER_SWIFT_FLAGS = "$(inherited)";
				SWIFT_ACTIVE_COMPILATION_CONDITIONS = "$(inherited)";
				SWIFT_VERSION = 4.0;
				TARGET_NAME = SwiftKitTests;
			};
			name = Debug;
		};
		OBJ_263 /* Release */ = {
			isa = XCBuildConfiguration;
			buildSettings = {
				CLANG_ENABLE_MODULES = YES;
				EMBEDDED_CONTENT_CONTAINS_SWIFT = YES;
				FRAMEWORK_SEARCH_PATHS = (
					"$(inherited)",
					"$(PLATFORM_DIR)/Developer/Library/Frameworks",
				);
				HEADER_SEARCH_PATHS = "$(inherited)";
				INFOPLIST_FILE = SwiftKit.xcodeproj/SwiftKitTests_Info.plist;
				LD_RUNPATH_SEARCH_PATHS = "$(inherited) @loader_path/../Frameworks @loader_path/Frameworks";
				OTHER_CFLAGS = "$(inherited)";
				OTHER_LDFLAGS = "$(inherited)";
				OTHER_SWIFT_FLAGS = "$(inherited)";
				SWIFT_ACTIVE_COMPILATION_CONDITIONS = "$(inherited)";
				SWIFT_VERSION = 4.0;
				TARGET_NAME = SwiftKitTests;
			};
			name = Release;
		};
		OBJ_279 /* Debug */ = {
			isa = XCBuildConfiguration;
			buildSettings = {
			};
			name = Debug;
		};
		OBJ_280 /* Release */ = {
			isa = XCBuildConfiguration;
			buildSettings = {
			};
			name = Release;
		};
		OBJ_3 /* Debug */ = {
			isa = XCBuildConfiguration;
			buildSettings = {
				CLANG_ENABLE_OBJC_ARC = YES;
				COMBINE_HIDPI_IMAGES = YES;
				COPY_PHASE_STRIP = NO;
				DEBUG_INFORMATION_FORMAT = dwarf;
				DYLIB_INSTALL_NAME_BASE = "@rpath";
				ENABLE_NS_ASSERTIONS = YES;
				GCC_OPTIMIZATION_LEVEL = 0;
				GCC_PREPROCESSOR_DEFINITIONS = (
					"$(inherited)",
					"SWIFT_PACKAGE=1",
					"DEBUG=1",
				);
				MACOSX_DEPLOYMENT_TARGET = 10.10;
				ONLY_ACTIVE_ARCH = YES;
				OTHER_SWIFT_FLAGS = "-DXcode";
				PRODUCT_NAME = "$(TARGET_NAME)";
				SDKROOT = macosx;
				SUPPORTED_PLATFORMS = "macosx iphoneos iphonesimulator appletvos appletvsimulator watchos watchsimulator";
				SWIFT_ACTIVE_COMPILATION_CONDITIONS = "$(inherited) SWIFT_PACKAGE DEBUG";
				SWIFT_OPTIMIZATION_LEVEL = "-Onone";
				USE_HEADERMAP = NO;
			};
			name = Debug;
		};
		OBJ_4 /* Release */ = {
			isa = XCBuildConfiguration;
			buildSettings = {
				CLANG_ENABLE_OBJC_ARC = YES;
				COMBINE_HIDPI_IMAGES = YES;
				COPY_PHASE_STRIP = YES;
				DEBUG_INFORMATION_FORMAT = "dwarf-with-dsym";
				DYLIB_INSTALL_NAME_BASE = "@rpath";
				GCC_OPTIMIZATION_LEVEL = s;
				GCC_PREPROCESSOR_DEFINITIONS = (
					"$(inherited)",
					"SWIFT_PACKAGE=1",
				);
				MACOSX_DEPLOYMENT_TARGET = 10.10;
				OTHER_SWIFT_FLAGS = "-DXcode";
				PRODUCT_NAME = "$(TARGET_NAME)";
				SDKROOT = macosx;
				SUPPORTED_PLATFORMS = "macosx iphoneos iphonesimulator appletvos appletvsimulator watchos watchsimulator";
				SWIFT_ACTIVE_COMPILATION_CONDITIONS = "$(inherited) SWIFT_PACKAGE";
				SWIFT_OPTIMIZATION_LEVEL = "-Owholemodule";
				USE_HEADERMAP = NO;
			};
			name = Release;
		};
/* End XCBuildConfiguration section */

/* Begin XCConfigurationList section */
		OBJ_120 /* Build configuration list for PBXNativeTarget "ANSIEscapeCode" */ = {
			isa = XCConfigurationList;
			buildConfigurations = (
				OBJ_121 /* Debug */,
				OBJ_122 /* Release */,
			);
			defaultConfigurationIsVisible = 0;
			defaultConfigurationName = Release;
		};
		OBJ_136 /* Build configuration list for PBXNativeTarget "ANSIEscapeCodePackageDescription" */ = {
			isa = XCConfigurationList;
			buildConfigurations = (
				OBJ_137 /* Debug */,
				OBJ_138 /* Release */,
			);
			defaultConfigurationIsVisible = 0;
			defaultConfigurationName = Release;
		};
		OBJ_142 /* Build configuration list for PBXNativeTarget "Motor" */ = {
			isa = XCConfigurationList;
			buildConfigurations = (
				OBJ_143 /* Debug */,
				OBJ_144 /* Release */,
			);
			defaultConfigurationIsVisible = 0;
			defaultConfigurationName = Release;
		};
		OBJ_155 /* Build configuration list for PBXNativeTarget "MotorPackageDescription" */ = {
			isa = XCConfigurationList;
			buildConfigurations = (
				OBJ_156 /* Debug */,
				OBJ_157 /* Release */,
			);
			defaultConfigurationIsVisible = 0;
			defaultConfigurationName = Release;
		};
		OBJ_161 /* Build configuration list for PBXNativeTarget "SwiftCLI" */ = {
			isa = XCConfigurationList;
			buildConfigurations = (
				OBJ_162 /* Debug */,
				OBJ_163 /* Release */,
			);
			defaultConfigurationIsVisible = 0;
			defaultConfigurationName = Release;
		};
		OBJ_188 /* Build configuration list for PBXNativeTarget "SwiftCLIPackageDescription" */ = {
			isa = XCConfigurationList;
			buildConfigurations = (
				OBJ_189 /* Debug */,
				OBJ_190 /* Release */,
			);
			defaultConfigurationIsVisible = 0;
			defaultConfigurationName = Release;
		};
		OBJ_194 /* Build configuration list for PBXNativeTarget "SwiftKit" */ = {
			isa = XCConfigurationList;
			buildConfigurations = (
				OBJ_195 /* Debug */,
				OBJ_196 /* Release */,
			);
			defaultConfigurationIsVisible = 0;
			defaultConfigurationName = Release;
		};
		OBJ_2 /* Build configuration list for PBXProject "SwiftKit" */ = {
			isa = XCConfigurationList;
			buildConfigurations = (
				OBJ_3 /* Debug */,
				OBJ_4 /* Release */,
			);
			defaultConfigurationIsVisible = 0;
			defaultConfigurationName = Release;
		};
		OBJ_221 /* Build configuration list for PBXNativeTarget "SwiftKitCLI" */ = {
			isa = XCConfigurationList;
			buildConfigurations = (
				OBJ_222 /* Debug */,
				OBJ_223 /* Release */,
			);
			defaultConfigurationIsVisible = 0;
			defaultConfigurationName = Release;
		};
		OBJ_250 /* Build configuration list for PBXNativeTarget "SwiftKitPackageDescription" */ = {
			isa = XCConfigurationList;
			buildConfigurations = (
				OBJ_251 /* Debug */,
				OBJ_252 /* Release */,
			);
			defaultConfigurationIsVisible = 0;
			defaultConfigurationName = Release;
		};
		OBJ_256 /* Build configuration list for PBXAggregateTarget "SwiftKitPackageTests" */ = {
			isa = XCConfigurationList;
			buildConfigurations = (
				OBJ_257 /* Debug */,
				OBJ_258 /* Release */,
			);
			defaultConfigurationIsVisible = 0;
			defaultConfigurationName = Release;
		};
		OBJ_261 /* Build configuration list for PBXNativeTarget "SwiftKitTests" */ = {
			isa = XCConfigurationList;
			buildConfigurations = (
				OBJ_262 /* Debug */,
				OBJ_263 /* Release */,
			);
			defaultConfigurationIsVisible = 0;
			defaultConfigurationName = Release;
		};
		OBJ_278 /* Build configuration list for PBXAggregateTarget "swiftkit" */ = {
			isa = XCConfigurationList;
			buildConfigurations = (
				OBJ_279 /* Debug */,
				OBJ_280 /* Release */,
			);
			defaultConfigurationIsVisible = 0;
			defaultConfigurationName = Release;
		};
/* End XCConfigurationList section */
	};
	rootObject = OBJ_1 /* Project object */;
}
