// !$*UTF8*$!
{
	archiveVersion = 1;
	classes = {
	};
	objectVersion = 46;
	objects = {

/* Begin PBXAggregateTarget section */
		"SwiftKit::SwiftKitPackageTests::ProductTarget" /* SwiftKitPackageTests */ = {
			isa = PBXAggregateTarget;
			buildConfigurationList = OBJ_122 /* Build configuration list for PBXAggregateTarget "SwiftKitPackageTests" */;
			buildPhases = (
			);
			dependencies = (
				OBJ_125 /* PBXTargetDependency */,
			);
			name = SwiftKitPackageTests;
			productName = SwiftKitPackageTests;
		};
/* End PBXAggregateTarget section */

/* Begin PBXBuildFile section */
		3D9C438E2274B40F000A6585 /* String+DropSuffix.swift in Sources */ = {isa = PBXBuildFile; fileRef = 3D9C438A2274B363000A6585 /* String+DropSuffix.swift */; };
		3D9C438F2274B413000A6585 /* String+NonEmpty.swift in Sources */ = {isa = PBXBuildFile; fileRef = 3D9C438C2274B3B8000A6585 /* String+NonEmpty.swift */; };
		OBJ_100 /* NewCommand.swift in Sources */ = {isa = PBXBuildFile; fileRef = OBJ_10 /* NewCommand.swift */; };
		OBJ_101 /* ProjectDirectory.swift in Sources */ = {isa = PBXBuildFile; fileRef = OBJ_11 /* ProjectDirectory.swift */; };
		OBJ_102 /* GitConfigService.swift in Sources */ = {isa = PBXBuildFile; fileRef = OBJ_14 /* GitConfigService.swift */; };
		OBJ_103 /* SwiftCLIGitConfigService.swift in Sources */ = {isa = PBXBuildFile; fileRef = OBJ_15 /* SwiftCLIGitConfigService.swift */; };
		OBJ_104 /* DefaultQuestionService.swift in Sources */ = {isa = PBXBuildFile; fileRef = OBJ_17 /* DefaultQuestionService.swift */; };
		OBJ_105 /* QuestionService.swift in Sources */ = {isa = PBXBuildFile; fileRef = OBJ_18 /* QuestionService.swift */; };
		OBJ_106 /* DefaultTemplateCloneService.swift in Sources */ = {isa = PBXBuildFile; fileRef = OBJ_20 /* DefaultTemplateCloneService.swift */; };
		OBJ_107 /* TemplateCloneService.swift in Sources */ = {isa = PBXBuildFile; fileRef = OBJ_21 /* TemplateCloneService.swift */; };
		OBJ_108 /* DefaultTemplatePlaceholderMigrationService.swift in Sources */ = {isa = PBXBuildFile; fileRef = OBJ_23 /* DefaultTemplatePlaceholderMigrationService.swift */; };
		OBJ_109 /* TemplatePlaceholder.swift in Sources */ = {isa = PBXBuildFile; fileRef = OBJ_24 /* TemplatePlaceholder.swift */; };
		OBJ_110 /* TemplatePlaceholderMigrationService.swift in Sources */ = {isa = PBXBuildFile; fileRef = OBJ_25 /* TemplatePlaceholderMigrationService.swift */; };
		OBJ_111 /* main.swift in Sources */ = {isa = PBXBuildFile; fileRef = OBJ_26 /* main.swift */; };
		OBJ_113 /* SwiftCLI.framework in Frameworks */ = {isa = PBXBuildFile; fileRef = "SwiftCLI::SwiftCLI::Product" /* SwiftCLI.framework */; };
		OBJ_120 /* Package.swift in Sources */ = {isa = PBXBuildFile; fileRef = OBJ_6 /* Package.swift */; };
		OBJ_131 /* SwiftKitTests.swift in Sources */ = {isa = PBXBuildFile; fileRef = OBJ_29 /* SwiftKitTests.swift */; };
		OBJ_132 /* XCTestManifests.swift in Sources */ = {isa = PBXBuildFile; fileRef = OBJ_30 /* XCTestManifests.swift */; };
		OBJ_134 /* SwiftCLI.framework in Frameworks */ = {isa = PBXBuildFile; fileRef = "SwiftCLI::SwiftCLI::Product" /* SwiftCLI.framework */; };
		OBJ_67 /* ArgumentList.swift in Sources */ = {isa = PBXBuildFile; fileRef = OBJ_34 /* ArgumentList.swift */; };
		OBJ_68 /* ArgumentListManipulator.swift in Sources */ = {isa = PBXBuildFile; fileRef = OBJ_35 /* ArgumentListManipulator.swift */; };
		OBJ_69 /* CLI.swift in Sources */ = {isa = PBXBuildFile; fileRef = OBJ_36 /* CLI.swift */; };
		OBJ_70 /* Command.swift in Sources */ = {isa = PBXBuildFile; fileRef = OBJ_37 /* Command.swift */; };
		OBJ_71 /* Compatibility.swift in Sources */ = {isa = PBXBuildFile; fileRef = OBJ_38 /* Compatibility.swift */; };
		OBJ_72 /* CompletionGenerator.swift in Sources */ = {isa = PBXBuildFile; fileRef = OBJ_39 /* CompletionGenerator.swift */; };
		OBJ_73 /* Error.swift in Sources */ = {isa = PBXBuildFile; fileRef = OBJ_40 /* Error.swift */; };
		OBJ_74 /* HelpCommand.swift in Sources */ = {isa = PBXBuildFile; fileRef = OBJ_41 /* HelpCommand.swift */; };
		OBJ_75 /* HelpMessageGenerator.swift in Sources */ = {isa = PBXBuildFile; fileRef = OBJ_42 /* HelpMessageGenerator.swift */; };
		OBJ_76 /* Input.swift in Sources */ = {isa = PBXBuildFile; fileRef = OBJ_43 /* Input.swift */; };
		OBJ_77 /* Option.swift in Sources */ = {isa = PBXBuildFile; fileRef = OBJ_44 /* Option.swift */; };
		OBJ_78 /* OptionGroup.swift in Sources */ = {isa = PBXBuildFile; fileRef = OBJ_45 /* OptionGroup.swift */; };
		OBJ_79 /* OptionRegistry.swift in Sources */ = {isa = PBXBuildFile; fileRef = OBJ_46 /* OptionRegistry.swift */; };
		OBJ_80 /* Parameter.swift in Sources */ = {isa = PBXBuildFile; fileRef = OBJ_47 /* Parameter.swift */; };
		OBJ_81 /* Parser.swift in Sources */ = {isa = PBXBuildFile; fileRef = OBJ_48 /* Parser.swift */; };
		OBJ_82 /* Path.swift in Sources */ = {isa = PBXBuildFile; fileRef = OBJ_49 /* Path.swift */; };
		OBJ_83 /* Stream.swift in Sources */ = {isa = PBXBuildFile; fileRef = OBJ_50 /* Stream.swift */; };
		OBJ_84 /* Task.swift in Sources */ = {isa = PBXBuildFile; fileRef = OBJ_51 /* Task.swift */; };
		OBJ_85 /* Term.swift in Sources */ = {isa = PBXBuildFile; fileRef = OBJ_52 /* Term.swift */; };
		OBJ_86 /* Validation.swift in Sources */ = {isa = PBXBuildFile; fileRef = OBJ_53 /* Validation.swift */; };
		OBJ_87 /* VersionCommand.swift in Sources */ = {isa = PBXBuildFile; fileRef = OBJ_54 /* VersionCommand.swift */; };
		OBJ_94 /* Package.swift in Sources */ = {isa = PBXBuildFile; fileRef = OBJ_55 /* Package.swift */; };
/* End PBXBuildFile section */

/* Begin PBXContainerItemProxy section */
		3D9C43852274AE21000A6585 /* PBXContainerItemProxy */ = {
			isa = PBXContainerItemProxy;
			containerPortal = OBJ_1 /* Project object */;
			proxyType = 1;
			remoteGlobalIDString = "SwiftCLI::SwiftCLI";
			remoteInfo = SwiftCLI;
		};
		3D9C43862274AE21000A6585 /* PBXContainerItemProxy */ = {
			isa = PBXContainerItemProxy;
			containerPortal = OBJ_1 /* Project object */;
			proxyType = 1;
			remoteGlobalIDString = "SwiftKit::SwiftKit";
			remoteInfo = SwiftKit;
		};
		3D9C43872274AE21000A6585 /* PBXContainerItemProxy */ = {
			isa = PBXContainerItemProxy;
			containerPortal = OBJ_1 /* Project object */;
			proxyType = 1;
			remoteGlobalIDString = "SwiftCLI::SwiftCLI";
			remoteInfo = SwiftCLI;
		};
		3D9C43882274AE22000A6585 /* PBXContainerItemProxy */ = {
			isa = PBXContainerItemProxy;
			containerPortal = OBJ_1 /* Project object */;
			proxyType = 1;
			remoteGlobalIDString = "SwiftKit::SwiftKitTests";
			remoteInfo = SwiftKitTests;
		};
/* End PBXContainerItemProxy section */

/* Begin PBXFileReference section */
		3D9C438A2274B363000A6585 /* String+DropSuffix.swift */ = {isa = PBXFileReference; lastKnownFileType = sourcecode.swift; path = "String+DropSuffix.swift"; sourceTree = "<group>"; };
		3D9C438C2274B3B8000A6585 /* String+NonEmpty.swift */ = {isa = PBXFileReference; lastKnownFileType = sourcecode.swift; path = "String+NonEmpty.swift"; sourceTree = "<group>"; };
		OBJ_10 /* NewCommand.swift */ = {isa = PBXFileReference; lastKnownFileType = sourcecode.swift; path = NewCommand.swift; sourceTree = "<group>"; };
		OBJ_11 /* ProjectDirectory.swift */ = {isa = PBXFileReference; lastKnownFileType = sourcecode.swift; path = ProjectDirectory.swift; sourceTree = "<group>"; };
		OBJ_14 /* GitConfigService.swift */ = {isa = PBXFileReference; lastKnownFileType = sourcecode.swift; path = GitConfigService.swift; sourceTree = "<group>"; };
		OBJ_15 /* SwiftCLIGitConfigService.swift */ = {isa = PBXFileReference; lastKnownFileType = sourcecode.swift; path = SwiftCLIGitConfigService.swift; sourceTree = "<group>"; };
		OBJ_17 /* DefaultQuestionService.swift */ = {isa = PBXFileReference; lastKnownFileType = sourcecode.swift; path = DefaultQuestionService.swift; sourceTree = "<group>"; };
		OBJ_18 /* QuestionService.swift */ = {isa = PBXFileReference; lastKnownFileType = sourcecode.swift; path = QuestionService.swift; sourceTree = "<group>"; };
		OBJ_20 /* DefaultTemplateCloneService.swift */ = {isa = PBXFileReference; lastKnownFileType = sourcecode.swift; path = DefaultTemplateCloneService.swift; sourceTree = "<group>"; };
		OBJ_21 /* TemplateCloneService.swift */ = {isa = PBXFileReference; lastKnownFileType = sourcecode.swift; path = TemplateCloneService.swift; sourceTree = "<group>"; };
		OBJ_23 /* DefaultTemplatePlaceholderMigrationService.swift */ = {isa = PBXFileReference; lastKnownFileType = sourcecode.swift; path = DefaultTemplatePlaceholderMigrationService.swift; sourceTree = "<group>"; };
		OBJ_24 /* TemplatePlaceholder.swift */ = {isa = PBXFileReference; lastKnownFileType = sourcecode.swift; path = TemplatePlaceholder.swift; sourceTree = "<group>"; };
		OBJ_25 /* TemplatePlaceholderMigrationService.swift */ = {isa = PBXFileReference; lastKnownFileType = sourcecode.swift; path = TemplatePlaceholderMigrationService.swift; sourceTree = "<group>"; };
		OBJ_26 /* main.swift */ = {isa = PBXFileReference; lastKnownFileType = sourcecode.swift; path = main.swift; sourceTree = "<group>"; };
		OBJ_29 /* SwiftKitTests.swift */ = {isa = PBXFileReference; lastKnownFileType = sourcecode.swift; path = SwiftKitTests.swift; sourceTree = "<group>"; };
		OBJ_30 /* XCTestManifests.swift */ = {isa = PBXFileReference; lastKnownFileType = sourcecode.swift; path = XCTestManifests.swift; sourceTree = "<group>"; };
		OBJ_34 /* ArgumentList.swift */ = {isa = PBXFileReference; lastKnownFileType = sourcecode.swift; path = ArgumentList.swift; sourceTree = "<group>"; };
		OBJ_35 /* ArgumentListManipulator.swift */ = {isa = PBXFileReference; lastKnownFileType = sourcecode.swift; path = ArgumentListManipulator.swift; sourceTree = "<group>"; };
		OBJ_36 /* CLI.swift */ = {isa = PBXFileReference; lastKnownFileType = sourcecode.swift; path = CLI.swift; sourceTree = "<group>"; };
		OBJ_37 /* Command.swift */ = {isa = PBXFileReference; lastKnownFileType = sourcecode.swift; path = Command.swift; sourceTree = "<group>"; };
		OBJ_38 /* Compatibility.swift */ = {isa = PBXFileReference; lastKnownFileType = sourcecode.swift; path = Compatibility.swift; sourceTree = "<group>"; };
		OBJ_39 /* CompletionGenerator.swift */ = {isa = PBXFileReference; lastKnownFileType = sourcecode.swift; path = CompletionGenerator.swift; sourceTree = "<group>"; };
		OBJ_40 /* Error.swift */ = {isa = PBXFileReference; lastKnownFileType = sourcecode.swift; path = Error.swift; sourceTree = "<group>"; };
		OBJ_41 /* HelpCommand.swift */ = {isa = PBXFileReference; lastKnownFileType = sourcecode.swift; path = HelpCommand.swift; sourceTree = "<group>"; };
		OBJ_42 /* HelpMessageGenerator.swift */ = {isa = PBXFileReference; lastKnownFileType = sourcecode.swift; path = HelpMessageGenerator.swift; sourceTree = "<group>"; };
		OBJ_43 /* Input.swift */ = {isa = PBXFileReference; lastKnownFileType = sourcecode.swift; path = Input.swift; sourceTree = "<group>"; };
		OBJ_44 /* Option.swift */ = {isa = PBXFileReference; lastKnownFileType = sourcecode.swift; path = Option.swift; sourceTree = "<group>"; };
		OBJ_45 /* OptionGroup.swift */ = {isa = PBXFileReference; lastKnownFileType = sourcecode.swift; path = OptionGroup.swift; sourceTree = "<group>"; };
		OBJ_46 /* OptionRegistry.swift */ = {isa = PBXFileReference; lastKnownFileType = sourcecode.swift; path = OptionRegistry.swift; sourceTree = "<group>"; };
		OBJ_47 /* Parameter.swift */ = {isa = PBXFileReference; lastKnownFileType = sourcecode.swift; path = Parameter.swift; sourceTree = "<group>"; };
		OBJ_48 /* Parser.swift */ = {isa = PBXFileReference; lastKnownFileType = sourcecode.swift; path = Parser.swift; sourceTree = "<group>"; };
		OBJ_49 /* Path.swift */ = {isa = PBXFileReference; lastKnownFileType = sourcecode.swift; path = Path.swift; sourceTree = "<group>"; };
		OBJ_50 /* Stream.swift */ = {isa = PBXFileReference; lastKnownFileType = sourcecode.swift; path = Stream.swift; sourceTree = "<group>"; };
		OBJ_51 /* Task.swift */ = {isa = PBXFileReference; lastKnownFileType = sourcecode.swift; path = Task.swift; sourceTree = "<group>"; };
		OBJ_52 /* Term.swift */ = {isa = PBXFileReference; lastKnownFileType = sourcecode.swift; path = Term.swift; sourceTree = "<group>"; };
		OBJ_53 /* Validation.swift */ = {isa = PBXFileReference; lastKnownFileType = sourcecode.swift; path = Validation.swift; sourceTree = "<group>"; };
		OBJ_54 /* VersionCommand.swift */ = {isa = PBXFileReference; lastKnownFileType = sourcecode.swift; path = VersionCommand.swift; sourceTree = "<group>"; };
		OBJ_55 /* Package.swift */ = {isa = PBXFileReference; explicitFileType = sourcecode.swift; name = Package.swift; path = /Users/sventiigi/Development/iOS/SwiftKit/.build/checkouts/SwiftCLI/Package.swift; sourceTree = "<group>"; };
		OBJ_6 /* Package.swift */ = {isa = PBXFileReference; explicitFileType = sourcecode.swift; path = Package.swift; sourceTree = "<group>"; };
		OBJ_60 /* Template */ = {isa = PBXFileReference; lastKnownFileType = folder; path = Template; sourceTree = SOURCE_ROOT; };
		OBJ_61 /* README.md */ = {isa = PBXFileReference; lastKnownFileType = net.daringfireball.markdown; path = README.md; sourceTree = "<group>"; };
		"SwiftCLI::SwiftCLI::Product" /* SwiftCLI.framework */ = {isa = PBXFileReference; lastKnownFileType = wrapper.framework; path = SwiftCLI.framework; sourceTree = BUILT_PRODUCTS_DIR; };
		"SwiftKit::SwiftKit::Product" /* SwiftKit */ = {isa = PBXFileReference; lastKnownFileType = text; path = SwiftKit; sourceTree = BUILT_PRODUCTS_DIR; };
		"SwiftKit::SwiftKitTests::Product" /* SwiftKitTests.xctest */ = {isa = PBXFileReference; lastKnownFileType = file; path = SwiftKitTests.xctest; sourceTree = BUILT_PRODUCTS_DIR; };
/* End PBXFileReference section */

/* Begin PBXFrameworksBuildPhase section */
		OBJ_112 /* Frameworks */ = {
			isa = PBXFrameworksBuildPhase;
			buildActionMask = 0;
			files = (
				OBJ_113 /* SwiftCLI.framework in Frameworks */,
			);
			runOnlyForDeploymentPostprocessing = 0;
		};
		OBJ_133 /* Frameworks */ = {
			isa = PBXFrameworksBuildPhase;
			buildActionMask = 0;
			files = (
				OBJ_134 /* SwiftCLI.framework in Frameworks */,
			);
			runOnlyForDeploymentPostprocessing = 0;
		};
		OBJ_88 /* Frameworks */ = {
			isa = PBXFrameworksBuildPhase;
			buildActionMask = 0;
			files = (
			);
			runOnlyForDeploymentPostprocessing = 0;
		};
/* End PBXFrameworksBuildPhase section */

/* Begin PBXGroup section */
		3D9C43892274B356000A6585 /* Extensions */ = {
			isa = PBXGroup;
			children = (
				3D9C438A2274B363000A6585 /* String+DropSuffix.swift */,
				3D9C438C2274B3B8000A6585 /* String+NonEmpty.swift */,
			);
			path = Extensions;
			sourceTree = "<group>";
		};
		OBJ_12 /* Services */ = {
			isa = PBXGroup;
			children = (
				OBJ_13 /* GitConfigService */,
				OBJ_16 /* QuestionService */,
				OBJ_19 /* TemplateCloneService */,
				OBJ_22 /* TemplatePlaceholderMigrationService */,
			);
			path = Services;
			sourceTree = "<group>";
		};
		OBJ_13 /* GitConfigService */ = {
			isa = PBXGroup;
			children = (
				OBJ_14 /* GitConfigService.swift */,
				OBJ_15 /* SwiftCLIGitConfigService.swift */,
			);
			path = GitConfigService;
			sourceTree = "<group>";
		};
		OBJ_16 /* QuestionService */ = {
			isa = PBXGroup;
			children = (
				OBJ_18 /* QuestionService.swift */,
				OBJ_17 /* DefaultQuestionService.swift */,
			);
			path = QuestionService;
			sourceTree = "<group>";
		};
		OBJ_19 /* TemplateCloneService */ = {
			isa = PBXGroup;
			children = (
				OBJ_21 /* TemplateCloneService.swift */,
				OBJ_20 /* DefaultTemplateCloneService.swift */,
			);
			path = TemplateCloneService;
			sourceTree = "<group>";
		};
		OBJ_22 /* TemplatePlaceholderMigrationService */ = {
			isa = PBXGroup;
			children = (
				OBJ_24 /* TemplatePlaceholder.swift */,
				OBJ_25 /* TemplatePlaceholderMigrationService.swift */,
				OBJ_23 /* DefaultTemplatePlaceholderMigrationService.swift */,
			);
			path = TemplatePlaceholderMigrationService;
			sourceTree = "<group>";
		};
		OBJ_27 /* Tests */ = {
			isa = PBXGroup;
			children = (
				OBJ_28 /* SwiftKitTests */,
			);
			name = Tests;
			sourceTree = SOURCE_ROOT;
		};
		OBJ_28 /* SwiftKitTests */ = {
			isa = PBXGroup;
			children = (
				OBJ_29 /* SwiftKitTests.swift */,
				OBJ_30 /* XCTestManifests.swift */,
			);
			name = SwiftKitTests;
			path = Tests/SwiftKitTests;
			sourceTree = SOURCE_ROOT;
		};
		OBJ_31 /* Dependencies */ = {
			isa = PBXGroup;
			children = (
				OBJ_32 /* SwiftCLI 5.2.2 */,
			);
			name = Dependencies;
			sourceTree = "<group>";
		};
		OBJ_32 /* SwiftCLI 5.2.2 */ = {
			isa = PBXGroup;
			children = (
				OBJ_33 /* SwiftCLI */,
				OBJ_55 /* Package.swift */,
			);
			name = "SwiftCLI 5.2.2";
			sourceTree = SOURCE_ROOT;
		};
		OBJ_33 /* SwiftCLI */ = {
			isa = PBXGroup;
			children = (
				OBJ_34 /* ArgumentList.swift */,
				OBJ_35 /* ArgumentListManipulator.swift */,
				OBJ_36 /* CLI.swift */,
				OBJ_37 /* Command.swift */,
				OBJ_38 /* Compatibility.swift */,
				OBJ_39 /* CompletionGenerator.swift */,
				OBJ_40 /* Error.swift */,
				OBJ_41 /* HelpCommand.swift */,
				OBJ_42 /* HelpMessageGenerator.swift */,
				OBJ_43 /* Input.swift */,
				OBJ_44 /* Option.swift */,
				OBJ_45 /* OptionGroup.swift */,
				OBJ_46 /* OptionRegistry.swift */,
				OBJ_47 /* Parameter.swift */,
				OBJ_48 /* Parser.swift */,
				OBJ_49 /* Path.swift */,
				OBJ_50 /* Stream.swift */,
				OBJ_51 /* Task.swift */,
				OBJ_52 /* Term.swift */,
				OBJ_53 /* Validation.swift */,
				OBJ_54 /* VersionCommand.swift */,
			);
			name = SwiftCLI;
			path = .build/checkouts/SwiftCLI/Sources/SwiftCLI;
			sourceTree = SOURCE_ROOT;
		};
		OBJ_5 = {
			isa = PBXGroup;
			children = (
				OBJ_6 /* Package.swift */,
				OBJ_7 /* Sources */,
				OBJ_27 /* Tests */,
				OBJ_31 /* Dependencies */,
				OBJ_56 /* Products */,
				OBJ_60 /* Template */,
				OBJ_61 /* README.md */,
			);
			sourceTree = "<group>";
		};
		OBJ_56 /* Products */ = {
			isa = PBXGroup;
			children = (
				"SwiftCLI::SwiftCLI::Product" /* SwiftCLI.framework */,
				"SwiftKit::SwiftKit::Product" /* SwiftKit */,
				"SwiftKit::SwiftKitTests::Product" /* SwiftKitTests.xctest */,
			);
			name = Products;
			sourceTree = BUILT_PRODUCTS_DIR;
		};
		OBJ_7 /* Sources */ = {
			isa = PBXGroup;
			children = (
				OBJ_8 /* SwiftKit */,
			);
			name = Sources;
			sourceTree = SOURCE_ROOT;
		};
		OBJ_8 /* SwiftKit */ = {
			isa = PBXGroup;
			children = (
				OBJ_26 /* main.swift */,
				OBJ_11 /* ProjectDirectory.swift */,
				OBJ_9 /* Commands */,
				OBJ_12 /* Services */,
				3D9C43892274B356000A6585 /* Extensions */,
			);
			name = SwiftKit;
			path = Sources/SwiftKit;
			sourceTree = SOURCE_ROOT;
		};
		OBJ_9 /* Commands */ = {
			isa = PBXGroup;
			children = (
				OBJ_10 /* NewCommand.swift */,
			);
			path = Commands;
			sourceTree = "<group>";
		};
/* End PBXGroup section */

/* Begin PBXNativeTarget section */
		"SwiftCLI::SwiftCLI" /* SwiftCLI */ = {
			isa = PBXNativeTarget;
			buildConfigurationList = OBJ_63 /* Build configuration list for PBXNativeTarget "SwiftCLI" */;
			buildPhases = (
				OBJ_66 /* Sources */,
				OBJ_88 /* Frameworks */,
			);
			buildRules = (
			);
			dependencies = (
			);
			name = SwiftCLI;
			productName = SwiftCLI;
			productReference = "SwiftCLI::SwiftCLI::Product" /* SwiftCLI.framework */;
			productType = "com.apple.product-type.framework";
		};
		"SwiftCLI::SwiftPMPackageDescription" /* SwiftCLIPackageDescription */ = {
			isa = PBXNativeTarget;
			buildConfigurationList = OBJ_90 /* Build configuration list for PBXNativeTarget "SwiftCLIPackageDescription" */;
			buildPhases = (
				OBJ_93 /* Sources */,
			);
			buildRules = (
			);
			dependencies = (
			);
			name = SwiftCLIPackageDescription;
			productName = SwiftCLIPackageDescription;
			productType = "com.apple.product-type.framework";
		};
		"SwiftKit::SwiftKit" /* SwiftKit */ = {
			isa = PBXNativeTarget;
			buildConfigurationList = OBJ_96 /* Build configuration list for PBXNativeTarget "SwiftKit" */;
			buildPhases = (
				OBJ_99 /* Sources */,
				OBJ_112 /* Frameworks */,
			);
			buildRules = (
			);
			dependencies = (
				OBJ_114 /* PBXTargetDependency */,
			);
			name = SwiftKit;
			productName = SwiftKit;
			productReference = "SwiftKit::SwiftKit::Product" /* SwiftKit */;
			productType = "com.apple.product-type.tool";
		};
		"SwiftKit::SwiftKitTests" /* SwiftKitTests */ = {
			isa = PBXNativeTarget;
			buildConfigurationList = OBJ_127 /* Build configuration list for PBXNativeTarget "SwiftKitTests" */;
			buildPhases = (
				OBJ_130 /* Sources */,
				OBJ_133 /* Frameworks */,
			);
			buildRules = (
			);
			dependencies = (
				OBJ_135 /* PBXTargetDependency */,
				OBJ_136 /* PBXTargetDependency */,
			);
			name = SwiftKitTests;
			productName = SwiftKitTests;
			productReference = "SwiftKit::SwiftKitTests::Product" /* SwiftKitTests.xctest */;
			productType = "com.apple.product-type.bundle.unit-test";
		};
		"SwiftKit::SwiftPMPackageDescription" /* SwiftKitPackageDescription */ = {
			isa = PBXNativeTarget;
			buildConfigurationList = OBJ_116 /* Build configuration list for PBXNativeTarget "SwiftKitPackageDescription" */;
			buildPhases = (
				OBJ_119 /* Sources */,
			);
			buildRules = (
			);
			dependencies = (
			);
			name = SwiftKitPackageDescription;
			productName = SwiftKitPackageDescription;
			productType = "com.apple.product-type.framework";
		};
/* End PBXNativeTarget section */

/* Begin PBXProject section */
		OBJ_1 /* Project object */ = {
			isa = PBXProject;
			attributes = {
				LastSwiftMigration = 9999;
				LastUpgradeCheck = 9999;
			};
			buildConfigurationList = OBJ_2 /* Build configuration list for PBXProject "SwiftKit" */;
			compatibilityVersion = "Xcode 3.2";
			developmentRegion = English;
			hasScannedForEncodings = 0;
			knownRegions = (
				English,
				en,
			);
			mainGroup = OBJ_5;
			productRefGroup = OBJ_56 /* Products */;
			projectDirPath = "";
			projectRoot = "";
			targets = (
				"SwiftCLI::SwiftCLI" /* SwiftCLI */,
				"SwiftCLI::SwiftPMPackageDescription" /* SwiftCLIPackageDescription */,
				"SwiftKit::SwiftKit" /* SwiftKit */,
				"SwiftKit::SwiftPMPackageDescription" /* SwiftKitPackageDescription */,
				"SwiftKit::SwiftKitPackageTests::ProductTarget" /* SwiftKitPackageTests */,
				"SwiftKit::SwiftKitTests" /* SwiftKitTests */,
			);
		};
/* End PBXProject section */

/* Begin PBXSourcesBuildPhase section */
		OBJ_119 /* Sources */ = {
			isa = PBXSourcesBuildPhase;
			buildActionMask = 0;
			files = (
				OBJ_120 /* Package.swift in Sources */,
			);
			runOnlyForDeploymentPostprocessing = 0;
		};
		OBJ_130 /* Sources */ = {
			isa = PBXSourcesBuildPhase;
			buildActionMask = 0;
			files = (
				OBJ_131 /* SwiftKitTests.swift in Sources */,
				OBJ_132 /* XCTestManifests.swift in Sources */,
			);
			runOnlyForDeploymentPostprocessing = 0;
		};
		OBJ_66 /* Sources */ = {
			isa = PBXSourcesBuildPhase;
			buildActionMask = 0;
			files = (
				OBJ_67 /* ArgumentList.swift in Sources */,
				OBJ_68 /* ArgumentListManipulator.swift in Sources */,
				OBJ_69 /* CLI.swift in Sources */,
				OBJ_70 /* Command.swift in Sources */,
				OBJ_71 /* Compatibility.swift in Sources */,
				OBJ_72 /* CompletionGenerator.swift in Sources */,
				OBJ_73 /* Error.swift in Sources */,
				OBJ_74 /* HelpCommand.swift in Sources */,
				OBJ_75 /* HelpMessageGenerator.swift in Sources */,
				OBJ_76 /* Input.swift in Sources */,
				OBJ_77 /* Option.swift in Sources */,
				OBJ_78 /* OptionGroup.swift in Sources */,
				OBJ_79 /* OptionRegistry.swift in Sources */,
				OBJ_80 /* Parameter.swift in Sources */,
				OBJ_81 /* Parser.swift in Sources */,
				OBJ_82 /* Path.swift in Sources */,
				OBJ_83 /* Stream.swift in Sources */,
				OBJ_84 /* Task.swift in Sources */,
				OBJ_85 /* Term.swift in Sources */,
				OBJ_86 /* Validation.swift in Sources */,
				OBJ_87 /* VersionCommand.swift in Sources */,
			);
			runOnlyForDeploymentPostprocessing = 0;
		};
		OBJ_93 /* Sources */ = {
			isa = PBXSourcesBuildPhase;
			buildActionMask = 0;
			files = (
				OBJ_94 /* Package.swift in Sources */,
			);
			runOnlyForDeploymentPostprocessing = 0;
		};
		OBJ_99 /* Sources */ = {
			isa = PBXSourcesBuildPhase;
			buildActionMask = 0;
			files = (
				OBJ_100 /* NewCommand.swift in Sources */,
				OBJ_101 /* ProjectDirectory.swift in Sources */,
				3D9C438E2274B40F000A6585 /* String+DropSuffix.swift in Sources */,
				OBJ_102 /* GitConfigService.swift in Sources */,
				OBJ_103 /* SwiftCLIGitConfigService.swift in Sources */,
				OBJ_104 /* DefaultQuestionService.swift in Sources */,
				OBJ_105 /* QuestionService.swift in Sources */,
				OBJ_106 /* DefaultTemplateCloneService.swift in Sources */,
				OBJ_107 /* TemplateCloneService.swift in Sources */,
				OBJ_108 /* DefaultTemplatePlaceholderMigrationService.swift in Sources */,
				3D9C438F2274B413000A6585 /* String+NonEmpty.swift in Sources */,
				OBJ_109 /* TemplatePlaceholder.swift in Sources */,
				OBJ_110 /* TemplatePlaceholderMigrationService.swift in Sources */,
				OBJ_111 /* main.swift in Sources */,
			);
			runOnlyForDeploymentPostprocessing = 0;
		};
/* End PBXSourcesBuildPhase section */

/* Begin PBXTargetDependency section */
		OBJ_114 /* PBXTargetDependency */ = {
			isa = PBXTargetDependency;
			target = "SwiftCLI::SwiftCLI" /* SwiftCLI */;
			targetProxy = 3D9C43852274AE21000A6585 /* PBXContainerItemProxy */;
		};
		OBJ_125 /* PBXTargetDependency */ = {
			isa = PBXTargetDependency;
			target = "SwiftKit::SwiftKitTests" /* SwiftKitTests */;
			targetProxy = 3D9C43882274AE22000A6585 /* PBXContainerItemProxy */;
		};
		OBJ_135 /* PBXTargetDependency */ = {
			isa = PBXTargetDependency;
			target = "SwiftKit::SwiftKit" /* SwiftKit */;
			targetProxy = 3D9C43862274AE21000A6585 /* PBXContainerItemProxy */;
		};
		OBJ_136 /* PBXTargetDependency */ = {
			isa = PBXTargetDependency;
			target = "SwiftCLI::SwiftCLI" /* SwiftCLI */;
			targetProxy = 3D9C43872274AE21000A6585 /* PBXContainerItemProxy */;
		};
/* End PBXTargetDependency section */

/* Begin XCBuildConfiguration section */
		OBJ_117 /* Debug */ = {
			isa = XCBuildConfiguration;
			buildSettings = {
				LD = /usr/bin/true;
				OTHER_SWIFT_FLAGS = "-swift-version 5 -I $(TOOLCHAIN_DIR)/usr/lib/swift/pm/4_2 -target x86_64-apple-macosx10.10 -sdk /Applications/Xcode.app/Contents/Developer/Platforms/MacOSX.platform/Developer/SDKs/MacOSX10.14.sdk";
				SWIFT_VERSION = 5.0;
			};
			name = Debug;
		};
		OBJ_118 /* Release */ = {
			isa = XCBuildConfiguration;
			buildSettings = {
				LD = /usr/bin/true;
				OTHER_SWIFT_FLAGS = "-swift-version 5 -I $(TOOLCHAIN_DIR)/usr/lib/swift/pm/4_2 -target x86_64-apple-macosx10.10 -sdk /Applications/Xcode.app/Contents/Developer/Platforms/MacOSX.platform/Developer/SDKs/MacOSX10.14.sdk";
				SWIFT_VERSION = 5.0;
			};
			name = Release;
		};
		OBJ_123 /* Debug */ = {
			isa = XCBuildConfiguration;
			buildSettings = {
			};
			name = Debug;
		};
		OBJ_124 /* Release */ = {
			isa = XCBuildConfiguration;
			buildSettings = {
			};
			name = Release;
		};
		OBJ_128 /* Debug */ = {
			isa = XCBuildConfiguration;
			buildSettings = {
				CLANG_ENABLE_MODULES = YES;
				EMBEDDED_CONTENT_CONTAINS_SWIFT = YES;
				FRAMEWORK_SEARCH_PATHS = (
					"$(inherited)",
					"$(PLATFORM_DIR)/Developer/Library/Frameworks",
				);
				HEADER_SEARCH_PATHS = "$(inherited)";
				INFOPLIST_FILE = SwiftKit.xcodeproj/SwiftKitTests_Info.plist;
				IPHONEOS_DEPLOYMENT_TARGET = 8.0;
				LD_RUNPATH_SEARCH_PATHS = "$(inherited) @loader_path/../Frameworks @loader_path/Frameworks";
				MACOSX_DEPLOYMENT_TARGET = 10.10;
				OTHER_CFLAGS = "$(inherited)";
				OTHER_LDFLAGS = "$(inherited)";
				OTHER_SWIFT_FLAGS = "$(inherited)";
				SWIFT_ACTIVE_COMPILATION_CONDITIONS = "$(inherited)";
				SWIFT_VERSION = 5.0;
				TARGET_NAME = SwiftKitTests;
				TVOS_DEPLOYMENT_TARGET = 9.0;
				WATCHOS_DEPLOYMENT_TARGET = 2.0;
			};
			name = Debug;
		};
		OBJ_129 /* Release */ = {
			isa = XCBuildConfiguration;
			buildSettings = {
				CLANG_ENABLE_MODULES = YES;
				EMBEDDED_CONTENT_CONTAINS_SWIFT = YES;
				FRAMEWORK_SEARCH_PATHS = (
					"$(inherited)",
					"$(PLATFORM_DIR)/Developer/Library/Frameworks",
				);
				HEADER_SEARCH_PATHS = "$(inherited)";
				INFOPLIST_FILE = SwiftKit.xcodeproj/SwiftKitTests_Info.plist;
				IPHONEOS_DEPLOYMENT_TARGET = 8.0;
				LD_RUNPATH_SEARCH_PATHS = "$(inherited) @loader_path/../Frameworks @loader_path/Frameworks";
				MACOSX_DEPLOYMENT_TARGET = 10.10;
				OTHER_CFLAGS = "$(inherited)";
				OTHER_LDFLAGS = "$(inherited)";
				OTHER_SWIFT_FLAGS = "$(inherited)";
				SWIFT_ACTIVE_COMPILATION_CONDITIONS = "$(inherited)";
				SWIFT_VERSION = 5.0;
				TARGET_NAME = SwiftKitTests;
				TVOS_DEPLOYMENT_TARGET = 9.0;
				WATCHOS_DEPLOYMENT_TARGET = 2.0;
			};
			name = Release;
		};
		OBJ_3 /* Debug */ = {
			isa = XCBuildConfiguration;
			buildSettings = {
				CLANG_ENABLE_OBJC_ARC = YES;
				COMBINE_HIDPI_IMAGES = YES;
				COPY_PHASE_STRIP = NO;
				DEBUG_INFORMATION_FORMAT = dwarf;
				DYLIB_INSTALL_NAME_BASE = "@rpath";
				ENABLE_NS_ASSERTIONS = YES;
				GCC_OPTIMIZATION_LEVEL = 0;
				GCC_PREPROCESSOR_DEFINITIONS = (
					"$(inherited)",
					"SWIFT_PACKAGE=1",
					"DEBUG=1",
				);
				MACOSX_DEPLOYMENT_TARGET = 10.10;
				ONLY_ACTIVE_ARCH = YES;
				OTHER_SWIFT_FLAGS = "-DXcode";
				PRODUCT_NAME = "$(TARGET_NAME)";
				SDKROOT = macosx;
				SUPPORTED_PLATFORMS = "macosx iphoneos iphonesimulator appletvos appletvsimulator watchos watchsimulator";
				SWIFT_ACTIVE_COMPILATION_CONDITIONS = "$(inherited) SWIFT_PACKAGE DEBUG";
				SWIFT_OPTIMIZATION_LEVEL = "-Onone";
				USE_HEADERMAP = NO;
			};
			name = Debug;
		};
		OBJ_4 /* Release */ = {
			isa = XCBuildConfiguration;
			buildSettings = {
				CLANG_ENABLE_OBJC_ARC = YES;
				COMBINE_HIDPI_IMAGES = YES;
				COPY_PHASE_STRIP = YES;
				DEBUG_INFORMATION_FORMAT = "dwarf-with-dsym";
				DYLIB_INSTALL_NAME_BASE = "@rpath";
				GCC_OPTIMIZATION_LEVEL = s;
				GCC_PREPROCESSOR_DEFINITIONS = (
					"$(inherited)",
					"SWIFT_PACKAGE=1",
				);
				MACOSX_DEPLOYMENT_TARGET = 10.10;
				OTHER_SWIFT_FLAGS = "-DXcode";
				PRODUCT_NAME = "$(TARGET_NAME)";
				SDKROOT = macosx;
				SUPPORTED_PLATFORMS = "macosx iphoneos iphonesimulator appletvos appletvsimulator watchos watchsimulator";
				SWIFT_ACTIVE_COMPILATION_CONDITIONS = "$(inherited) SWIFT_PACKAGE";
				SWIFT_OPTIMIZATION_LEVEL = "-Owholemodule";
				USE_HEADERMAP = NO;
			};
			name = Release;
		};
		OBJ_64 /* Debug */ = {
			isa = XCBuildConfiguration;
			buildSettings = {
				ENABLE_TESTABILITY = YES;
				FRAMEWORK_SEARCH_PATHS = (
					"$(inherited)",
					"$(PLATFORM_DIR)/Developer/Library/Frameworks",
				);
				HEADER_SEARCH_PATHS = "$(inherited)";
				INFOPLIST_FILE = SwiftKit.xcodeproj/SwiftCLI_Info.plist;
				LD_RUNPATH_SEARCH_PATHS = "$(inherited) $(TOOLCHAIN_DIR)/usr/lib/swift/macosx";
				OTHER_CFLAGS = "$(inherited)";
				OTHER_LDFLAGS = "$(inherited)";
				OTHER_SWIFT_FLAGS = "$(inherited)";
				PRODUCT_BUNDLE_IDENTIFIER = SwiftCLI;
				PRODUCT_MODULE_NAME = "$(TARGET_NAME:c99extidentifier)";
				PRODUCT_NAME = "$(TARGET_NAME:c99extidentifier)";
				SKIP_INSTALL = YES;
				SWIFT_ACTIVE_COMPILATION_CONDITIONS = "$(inherited)";
				SWIFT_VERSION = 4.0;
				TARGET_NAME = SwiftCLI;
			};
			name = Debug;
		};
		OBJ_65 /* Release */ = {
			isa = XCBuildConfiguration;
			buildSettings = {
				ENABLE_TESTABILITY = YES;
				FRAMEWORK_SEARCH_PATHS = (
					"$(inherited)",
					"$(PLATFORM_DIR)/Developer/Library/Frameworks",
				);
				HEADER_SEARCH_PATHS = "$(inherited)";
				INFOPLIST_FILE = SwiftKit.xcodeproj/SwiftCLI_Info.plist;
				LD_RUNPATH_SEARCH_PATHS = "$(inherited) $(TOOLCHAIN_DIR)/usr/lib/swift/macosx";
				OTHER_CFLAGS = "$(inherited)";
				OTHER_LDFLAGS = "$(inherited)";
				OTHER_SWIFT_FLAGS = "$(inherited)";
				PRODUCT_BUNDLE_IDENTIFIER = SwiftCLI;
				PRODUCT_MODULE_NAME = "$(TARGET_NAME:c99extidentifier)";
				PRODUCT_NAME = "$(TARGET_NAME:c99extidentifier)";
				SKIP_INSTALL = YES;
				SWIFT_ACTIVE_COMPILATION_CONDITIONS = "$(inherited)";
				SWIFT_VERSION = 4.0;
				TARGET_NAME = SwiftCLI;
			};
			name = Release;
		};
		OBJ_91 /* Debug */ = {
			isa = XCBuildConfiguration;
			buildSettings = {
				LD = /usr/bin/true;
				OTHER_SWIFT_FLAGS = "-swift-version 4 -I $(TOOLCHAIN_DIR)/usr/lib/swift/pm/4 -target x86_64-apple-macosx10.10 -sdk /Applications/Xcode.app/Contents/Developer/Platforms/MacOSX.platform/Developer/SDKs/MacOSX10.14.sdk";
				SWIFT_VERSION = 4.0;
			};
			name = Debug;
		};
		OBJ_92 /* Release */ = {
			isa = XCBuildConfiguration;
			buildSettings = {
				LD = /usr/bin/true;
				OTHER_SWIFT_FLAGS = "-swift-version 4 -I $(TOOLCHAIN_DIR)/usr/lib/swift/pm/4 -target x86_64-apple-macosx10.10 -sdk /Applications/Xcode.app/Contents/Developer/Platforms/MacOSX.platform/Developer/SDKs/MacOSX10.14.sdk";
				SWIFT_VERSION = 4.0;
			};
			name = Release;
		};
		OBJ_97 /* Debug */ = {
			isa = XCBuildConfiguration;
			buildSettings = {
				FRAMEWORK_SEARCH_PATHS = (
					"$(inherited)",
					"$(PLATFORM_DIR)/Developer/Library/Frameworks",
				);
				HEADER_SEARCH_PATHS = "$(inherited)";
				INFOPLIST_FILE = SwiftKit.xcodeproj/SwiftKit_Info.plist;
				IPHONEOS_DEPLOYMENT_TARGET = 8.0;
				LD_RUNPATH_SEARCH_PATHS = "$(inherited) $(TOOLCHAIN_DIR)/usr/lib/swift/macosx @executable_path";
				MACOSX_DEPLOYMENT_TARGET = 10.10;
				OTHER_CFLAGS = "$(inherited)";
				OTHER_LDFLAGS = "$(inherited)";
				OTHER_SWIFT_FLAGS = "$(inherited)";
				SWIFT_ACTIVE_COMPILATION_CONDITIONS = "$(inherited)";
				SWIFT_FORCE_DYNAMIC_LINK_STDLIB = YES;
				SWIFT_FORCE_STATIC_LINK_STDLIB = NO;
				SWIFT_VERSION = 5.0;
				TARGET_NAME = SwiftKit;
				TVOS_DEPLOYMENT_TARGET = 9.0;
				WATCHOS_DEPLOYMENT_TARGET = 2.0;
			};
			name = Debug;
		};
		OBJ_98 /* Release */ = {
			isa = XCBuildConfiguration;
			buildSettings = {
				FRAMEWORK_SEARCH_PATHS = (
					"$(inherited)",
					"$(PLATFORM_DIR)/Developer/Library/Frameworks",
				);
				HEADER_SEARCH_PATHS = "$(inherited)";
				INFOPLIST_FILE = SwiftKit.xcodeproj/SwiftKit_Info.plist;
				IPHONEOS_DEPLOYMENT_TARGET = 8.0;
				LD_RUNPATH_SEARCH_PATHS = "$(inherited) $(TOOLCHAIN_DIR)/usr/lib/swift/macosx @executable_path";
				MACOSX_DEPLOYMENT_TARGET = 10.10;
				OTHER_CFLAGS = "$(inherited)";
				OTHER_LDFLAGS = "$(inherited)";
				OTHER_SWIFT_FLAGS = "$(inherited)";
				SWIFT_ACTIVE_COMPILATION_CONDITIONS = "$(inherited)";
				SWIFT_FORCE_DYNAMIC_LINK_STDLIB = YES;
				SWIFT_FORCE_STATIC_LINK_STDLIB = NO;
				SWIFT_VERSION = 5.0;
				TARGET_NAME = SwiftKit;
				TVOS_DEPLOYMENT_TARGET = 9.0;
				WATCHOS_DEPLOYMENT_TARGET = 2.0;
			};
			name = Release;
		};
/* End XCBuildConfiguration section */

/* Begin XCConfigurationList section */
		OBJ_116 /* Build configuration list for PBXNativeTarget "SwiftKitPackageDescription" */ = {
			isa = XCConfigurationList;
			buildConfigurations = (
				OBJ_117 /* Debug */,
				OBJ_118 /* Release */,
			);
			defaultConfigurationIsVisible = 0;
			defaultConfigurationName = Release;
		};
		OBJ_122 /* Build configuration list for PBXAggregateTarget "SwiftKitPackageTests" */ = {
			isa = XCConfigurationList;
			buildConfigurations = (
				OBJ_123 /* Debug */,
				OBJ_124 /* Release */,
			);
			defaultConfigurationIsVisible = 0;
			defaultConfigurationName = Release;
		};
		OBJ_127 /* Build configuration list for PBXNativeTarget "SwiftKitTests" */ = {
			isa = XCConfigurationList;
			buildConfigurations = (
				OBJ_128 /* Debug */,
				OBJ_129 /* Release */,
			);
			defaultConfigurationIsVisible = 0;
			defaultConfigurationName = Release;
		};
		OBJ_2 /* Build configuration list for PBXProject "SwiftKit" */ = {
			isa = XCConfigurationList;
			buildConfigurations = (
				OBJ_3 /* Debug */,
				OBJ_4 /* Release */,
			);
			defaultConfigurationIsVisible = 0;
			defaultConfigurationName = Release;
		};
		OBJ_63 /* Build configuration list for PBXNativeTarget "SwiftCLI" */ = {
			isa = XCConfigurationList;
			buildConfigurations = (
				OBJ_64 /* Debug */,
				OBJ_65 /* Release */,
			);
			defaultConfigurationIsVisible = 0;
			defaultConfigurationName = Release;
		};
		OBJ_90 /* Build configuration list for PBXNativeTarget "SwiftCLIPackageDescription" */ = {
			isa = XCConfigurationList;
			buildConfigurations = (
				OBJ_91 /* Debug */,
				OBJ_92 /* Release */,
			);
			defaultConfigurationIsVisible = 0;
			defaultConfigurationName = Release;
		};
		OBJ_96 /* Build configuration list for PBXNativeTarget "SwiftKit" */ = {
			isa = XCConfigurationList;
			buildConfigurations = (
				OBJ_97 /* Debug */,
				OBJ_98 /* Release */,
			);
			defaultConfigurationIsVisible = 0;
			defaultConfigurationName = Release;
		};
/* End XCConfigurationList section */
	};
	rootObject = OBJ_1 /* Project object */;
}
